// !$*UTF8*$!
{
	archiveVersion = 1;
	classes = {
	};
	objectVersion = 50;
	objects = {

/* Begin PBXBuildFile section */
		026EB64436107C80AAED8BAD /* Pods_Code_Bible_Dev.framework in Frameworks */ = {isa = PBXBuildFile; fileRef = AF7C36856C7A7FEFCC7EA38D /* Pods_Code_Bible_Dev.framework */; };
		053582B2CAA2A1DBBA9F7129 /* Pods_Code_BibleUITests.framework in Frameworks */ = {isa = PBXBuildFile; fileRef = 8EF62669C00A68FEAD127EC0 /* Pods_Code_BibleUITests.framework */; };
		21284A6152C28AC86F399C17 /* Pods_Code_Bible.framework in Frameworks */ = {isa = PBXBuildFile; fileRef = 9CF0E4590332B5C45240FE7E /* Pods_Code_Bible.framework */; };
		B8956A4422ACB912002AD552 /* AppDelegate.swift in Sources */ = {isa = PBXBuildFile; fileRef = B8956A4322ACB912002AD552 /* AppDelegate.swift */; };
		B8956A4622ACB912002AD552 /* SceneDelegate.swift in Sources */ = {isa = PBXBuildFile; fileRef = B8956A4522ACB912002AD552 /* SceneDelegate.swift */; };
		B8956A4922ACB912002AD552 /* Code_Bible.xcdatamodeld in Sources */ = {isa = PBXBuildFile; fileRef = B8956A4722ACB912002AD552 /* Code_Bible.xcdatamodeld */; };
		B8956A4B22ACB912002AD552 /* ContentView.swift in Sources */ = {isa = PBXBuildFile; fileRef = B8956A4A22ACB912002AD552 /* ContentView.swift */; };
		B8956A4D22ACB913002AD552 /* Assets.xcassets in Resources */ = {isa = PBXBuildFile; fileRef = B8956A4C22ACB913002AD552 /* Assets.xcassets */; };
		B8956A5022ACB913002AD552 /* Preview Assets.xcassets in Resources */ = {isa = PBXBuildFile; fileRef = B8956A4F22ACB913002AD552 /* Preview Assets.xcassets */; };
		B8956A5E22ACB913002AD552 /* Code_BibleTests.swift in Sources */ = {isa = PBXBuildFile; fileRef = B8956A5D22ACB913002AD552 /* Code_BibleTests.swift */; };
		B8956A6922ACB913002AD552 /* Code_BibleUITests.swift in Sources */ = {isa = PBXBuildFile; fileRef = B8956A6822ACB913002AD552 /* Code_BibleUITests.swift */; };
		B8956AB822ACBEA5002AD552 /* Settings.bundle in Resources */ = {isa = PBXBuildFile; fileRef = B8956AB722ACBEA5002AD552 /* Settings.bundle */; };
		B8956ABF22ACC386002AD552 /* AppDelegate.swift in Sources */ = {isa = PBXBuildFile; fileRef = B8956A4322ACB912002AD552 /* AppDelegate.swift */; };
		B8956AC022ACC386002AD552 /* Code_Bible.xcdatamodeld in Sources */ = {isa = PBXBuildFile; fileRef = B8956A4722ACB912002AD552 /* Code_Bible.xcdatamodeld */; };
		B8956AC122ACC386002AD552 /* ContentView.swift in Sources */ = {isa = PBXBuildFile; fileRef = B8956A4A22ACB912002AD552 /* ContentView.swift */; };
		B8956AC222ACC386002AD552 /* SceneDelegate.swift in Sources */ = {isa = PBXBuildFile; fileRef = B8956A4522ACB912002AD552 /* SceneDelegate.swift */; };
		B8956AC522ACC386002AD552 /* Settings.bundle in Resources */ = {isa = PBXBuildFile; fileRef = B8956AB722ACBEA5002AD552 /* Settings.bundle */; };
		B8956AC722ACC386002AD552 /* Preview Assets.xcassets in Resources */ = {isa = PBXBuildFile; fileRef = B8956A4F22ACB913002AD552 /* Preview Assets.xcassets */; };
		B8956AC822ACC386002AD552 /* Assets.xcassets in Resources */ = {isa = PBXBuildFile; fileRef = B8956A4C22ACB913002AD552 /* Assets.xcassets */; };
		B8956AEF22ACC966002AD552 /* EmailValidatorTests.swift in Sources */ = {isa = PBXBuildFile; fileRef = B8956AEE22ACC966002AD552 /* EmailValidatorTests.swift */; };
		B8956B0122ACD01F002AD552 /* Locales.plist in Resources */ = {isa = PBXBuildFile; fileRef = B8956B0422ACD01F002AD552 /* Locales.plist */; };
		B8956B0222ACD01F002AD552 /* Locales.plist in Resources */ = {isa = PBXBuildFile; fileRef = B8956B0422ACD01F002AD552 /* Locales.plist */; };
		B8956B0A22ACD0CC002AD552 /* LaunchScreen.storyboard in Resources */ = {isa = PBXBuildFile; fileRef = B8956B0922ACD0CC002AD552 /* LaunchScreen.storyboard */; };
		B8956B0B22ACD0CC002AD552 /* LaunchScreen.storyboard in Resources */ = {isa = PBXBuildFile; fileRef = B8956B0922ACD0CC002AD552 /* LaunchScreen.storyboard */; };
		B8956B0D22ACD1C3002AD552 /* KPPayment.swift in Sources */ = {isa = PBXBuildFile; fileRef = B8956B0C22ACD1C3002AD552 /* KPPayment.swift */; };
		B8956B0E22ACD1C3002AD552 /* KPPayment.swift in Sources */ = {isa = PBXBuildFile; fileRef = B8956B0C22ACD1C3002AD552 /* KPPayment.swift */; };
		B8956B1322ACD2D9002AD552 /* beaming.json in Resources */ = {isa = PBXBuildFile; fileRef = B8956B1122ACD2D9002AD552 /* beaming.json */; };
		B8956B1422ACD2D9002AD552 /* beaming.json in Resources */ = {isa = PBXBuildFile; fileRef = B8956B1122ACD2D9002AD552 /* beaming.json */; };
		B8956B1522ACD2D9002AD552 /* iOS_TakeHomeTest2.csv in Resources */ = {isa = PBXBuildFile; fileRef = B8956B1222ACD2D9002AD552 /* iOS_TakeHomeTest2.csv */; };
		B8956B1622ACD2D9002AD552 /* iOS_TakeHomeTest2.csv in Resources */ = {isa = PBXBuildFile; fileRef = B8956B1222ACD2D9002AD552 /* iOS_TakeHomeTest2.csv */; };
		B8956B1A22ACD67A002AD552 /* CacheDataStore.swift in Sources */ = {isa = PBXBuildFile; fileRef = B8956B1922ACD67A002AD552 /* CacheDataStore.swift */; };
		B8956B1B22ACD67A002AD552 /* CacheDataStore.swift in Sources */ = {isa = PBXBuildFile; fileRef = B8956B1922ACD67A002AD552 /* CacheDataStore.swift */; };
		B8956B1F22ACD6CF002AD552 /* UserDefaultsDataStore.swift in Sources */ = {isa = PBXBuildFile; fileRef = B8956B1D22ACD6CF002AD552 /* UserDefaultsDataStore.swift */; };
		B8956B2022ACD6CF002AD552 /* UserDefaultsDataStore.swift in Sources */ = {isa = PBXBuildFile; fileRef = B8956B1D22ACD6CF002AD552 /* UserDefaultsDataStore.swift */; };
		B8956B2122ACD6CF002AD552 /* FileManagerDataStore.swift in Sources */ = {isa = PBXBuildFile; fileRef = B8956B1E22ACD6CF002AD552 /* FileManagerDataStore.swift */; };
		B8956B2222ACD6CF002AD552 /* FileManagerDataStore.swift in Sources */ = {isa = PBXBuildFile; fileRef = B8956B1E22ACD6CF002AD552 /* FileManagerDataStore.swift */; };
		B8956B2822ACD73D002AD552 /* FileManagerStatusChecking.swift in Sources */ = {isa = PBXBuildFile; fileRef = B8956B2322ACD73D002AD552 /* FileManagerStatusChecking.swift */; };
		B8956B2922ACD73D002AD552 /* FileManagerStatusChecking.swift in Sources */ = {isa = PBXBuildFile; fileRef = B8956B2322ACD73D002AD552 /* FileManagerStatusChecking.swift */; };
		B8956B2A22ACD73D002AD552 /* FileManagerDirectories.swift in Sources */ = {isa = PBXBuildFile; fileRef = B8956B2422ACD73D002AD552 /* FileManagerDirectories.swift */; };
		B8956B2B22ACD73D002AD552 /* FileManagerDirectories.swift in Sources */ = {isa = PBXBuildFile; fileRef = B8956B2422ACD73D002AD552 /* FileManagerDirectories.swift */; };
		B8956B2C22ACD73D002AD552 /* FileManagerHelper.swift in Sources */ = {isa = PBXBuildFile; fileRef = B8956B2522ACD73D002AD552 /* FileManagerHelper.swift */; };
		B8956B2D22ACD73D002AD552 /* FileManagerHelper.swift in Sources */ = {isa = PBXBuildFile; fileRef = B8956B2522ACD73D002AD552 /* FileManagerHelper.swift */; };
		B8956B2E22ACD73D002AD552 /* FileManagerDirectoryNames.swift in Sources */ = {isa = PBXBuildFile; fileRef = B8956B2622ACD73D002AD552 /* FileManagerDirectoryNames.swift */; };
		B8956B2F22ACD73D002AD552 /* FileManagerDirectoryNames.swift in Sources */ = {isa = PBXBuildFile; fileRef = B8956B2622ACD73D002AD552 /* FileManagerDirectoryNames.swift */; };
		B8956B3022ACD73D002AD552 /* FileManagerSystemMetaData.swift in Sources */ = {isa = PBXBuildFile; fileRef = B8956B2722ACD73D002AD552 /* FileManagerSystemMetaData.swift */; };
		B8956B3122ACD73D002AD552 /* FileManagerSystemMetaData.swift in Sources */ = {isa = PBXBuildFile; fileRef = B8956B2722ACD73D002AD552 /* FileManagerSystemMetaData.swift */; };
		B8956B3722ACD7F5002AD552 /* Environments.swift in Sources */ = {isa = PBXBuildFile; fileRef = B8956B3422ACD7F5002AD552 /* Environments.swift */; };
		B8956B3822ACD7F5002AD552 /* Environments.swift in Sources */ = {isa = PBXBuildFile; fileRef = B8956B3422ACD7F5002AD552 /* Environments.swift */; };
		B8956B3922ACD7F5002AD552 /* Routes.swift in Sources */ = {isa = PBXBuildFile; fileRef = B8956B3522ACD7F5002AD552 /* Routes.swift */; };
		B8956B3A22ACD7F5002AD552 /* Routes.swift in Sources */ = {isa = PBXBuildFile; fileRef = B8956B3522ACD7F5002AD552 /* Routes.swift */; };
		B8956B3B22ACD7F5002AD552 /* Constants.swift in Sources */ = {isa = PBXBuildFile; fileRef = B8956B3622ACD7F5002AD552 /* Constants.swift */; };
		B8956B3C22ACD7F5002AD552 /* Constants.swift in Sources */ = {isa = PBXBuildFile; fileRef = B8956B3622ACD7F5002AD552 /* Constants.swift */; };
		B8956B3F22ACD98E002AD552 /* APIWorker.swift in Sources */ = {isa = PBXBuildFile; fileRef = B8956B3D22ACD98E002AD552 /* APIWorker.swift */; };
		B8956B4022ACD98E002AD552 /* APIWorker.swift in Sources */ = {isa = PBXBuildFile; fileRef = B8956B3D22ACD98E002AD552 /* APIWorker.swift */; };
		B8956B4122ACD98E002AD552 /* APIManager.swift in Sources */ = {isa = PBXBuildFile; fileRef = B8956B3E22ACD98E002AD552 /* APIManager.swift */; };
		B8956B4222ACD98E002AD552 /* APIManager.swift in Sources */ = {isa = PBXBuildFile; fileRef = B8956B3E22ACD98E002AD552 /* APIManager.swift */; };
		B8956B4522ACDA3F002AD552 /* NumberHelper.swift in Sources */ = {isa = PBXBuildFile; fileRef = B8956B4422ACDA3F002AD552 /* NumberHelper.swift */; };
		B8956B4622ACDA3F002AD552 /* NumberHelper.swift in Sources */ = {isa = PBXBuildFile; fileRef = B8956B4422ACDA3F002AD552 /* NumberHelper.swift */; };
		B8956B4922ACDAE1002AD552 /* Deeplink.swift in Sources */ = {isa = PBXBuildFile; fileRef = B8956B4722ACDAE1002AD552 /* Deeplink.swift */; };
		B8956B4A22ACDAE1002AD552 /* Deeplink.swift in Sources */ = {isa = PBXBuildFile; fileRef = B8956B4722ACDAE1002AD552 /* Deeplink.swift */; };
		B8956B4B22ACDAE1002AD552 /* IAPProducts.swift in Sources */ = {isa = PBXBuildFile; fileRef = B8956B4822ACDAE1002AD552 /* IAPProducts.swift */; };
		B8956B4C22ACDAE1002AD552 /* IAPProducts.swift in Sources */ = {isa = PBXBuildFile; fileRef = B8956B4822ACDAE1002AD552 /* IAPProducts.swift */; };
		B8956B4F22ACDBAA002AD552 /* Channel.swift in Sources */ = {isa = PBXBuildFile; fileRef = B8956B4E22ACDBAA002AD552 /* Channel.swift */; };
		B8956B5022ACDBAA002AD552 /* Channel.swift in Sources */ = {isa = PBXBuildFile; fileRef = B8956B4E22ACDBAA002AD552 /* Channel.swift */; };
		B8956B5422ACDBD0002AD552 /* User.swift in Sources */ = {isa = PBXBuildFile; fileRef = B8956B5222ACDBD0002AD552 /* User.swift */; };
		B8956B5522ACDBD0002AD552 /* User.swift in Sources */ = {isa = PBXBuildFile; fileRef = B8956B5222ACDBD0002AD552 /* User.swift */; };
		B8956B5622ACDBD0002AD552 /* SpotPrice.swift in Sources */ = {isa = PBXBuildFile; fileRef = B8956B5322ACDBD0002AD552 /* SpotPrice.swift */; };
		B8956B5722ACDBD0002AD552 /* SpotPrice.swift in Sources */ = {isa = PBXBuildFile; fileRef = B8956B5322ACDBD0002AD552 /* SpotPrice.swift */; };
		B8956B5C22ACDBF5002AD552 /* Restaurant.swift in Sources */ = {isa = PBXBuildFile; fileRef = B8956B5922ACDBF5002AD552 /* Restaurant.swift */; };
		B8956B5D22ACDBF5002AD552 /* Restaurant.swift in Sources */ = {isa = PBXBuildFile; fileRef = B8956B5922ACDBF5002AD552 /* Restaurant.swift */; };
		B8956B5E22ACDBF5002AD552 /* Day.swift in Sources */ = {isa = PBXBuildFile; fileRef = B8956B5A22ACDBF5002AD552 /* Day.swift */; };
		B8956B5F22ACDBF5002AD552 /* Day.swift in Sources */ = {isa = PBXBuildFile; fileRef = B8956B5A22ACDBF5002AD552 /* Day.swift */; };
		B8956B6022ACDBF5002AD552 /* OpeningTime.swift in Sources */ = {isa = PBXBuildFile; fileRef = B8956B5B22ACDBF5002AD552 /* OpeningTime.swift */; };
		B8956B6122ACDBF5002AD552 /* OpeningTime.swift in Sources */ = {isa = PBXBuildFile; fileRef = B8956B5B22ACDBF5002AD552 /* OpeningTime.swift */; };
		B8956B6422ACDCAE002AD552 /* DateHelper.swift in Sources */ = {isa = PBXBuildFile; fileRef = B8956B6322ACDCAE002AD552 /* DateHelper.swift */; };
		B8956B6522ACDCAE002AD552 /* DateHelper.swift in Sources */ = {isa = PBXBuildFile; fileRef = B8956B6322ACDCAE002AD552 /* DateHelper.swift */; };
		B8956B6722ACDE0C002AD552 /* IPAddressHelper.swift in Sources */ = {isa = PBXBuildFile; fileRef = B8956B6622ACDE0C002AD552 /* IPAddressHelper.swift */; };
		B8956B6822ACDE0C002AD552 /* IPAddressHelper.swift in Sources */ = {isa = PBXBuildFile; fileRef = B8956B6622ACDE0C002AD552 /* IPAddressHelper.swift */; };
		B8956B6A22ACDE1B002AD552 /* SettingsBundleHelper.swift in Sources */ = {isa = PBXBuildFile; fileRef = B8956B6922ACDE1B002AD552 /* SettingsBundleHelper.swift */; };
		B8956B6B22ACDE1B002AD552 /* SettingsBundleHelper.swift in Sources */ = {isa = PBXBuildFile; fileRef = B8956B6922ACDE1B002AD552 /* SettingsBundleHelper.swift */; };
		B8956B6D22ACE07D002AD552 /* EmailValidator.swift in Sources */ = {isa = PBXBuildFile; fileRef = B8956B6C22ACE07D002AD552 /* EmailValidator.swift */; };
		B8956B6E22ACE07D002AD552 /* EmailValidator.swift in Sources */ = {isa = PBXBuildFile; fileRef = B8956B6C22ACE07D002AD552 /* EmailValidator.swift */; };
		B8956B7022ACEA70002AD552 /* NumberValidator.swift in Sources */ = {isa = PBXBuildFile; fileRef = B8956B6F22ACEA70002AD552 /* NumberValidator.swift */; };
		B8956B7122ACEA70002AD552 /* NumberValidator.swift in Sources */ = {isa = PBXBuildFile; fileRef = B8956B6F22ACEA70002AD552 /* NumberValidator.swift */; };
		B8956B7522AD21C2002AD552 /* InfoPlist.strings in Resources */ = {isa = PBXBuildFile; fileRef = B8956B7822AD21C2002AD552 /* InfoPlist.strings */; };
		B8956B7622AD21C2002AD552 /* InfoPlist.strings in Resources */ = {isa = PBXBuildFile; fileRef = B8956B7822AD21C2002AD552 /* InfoPlist.strings */; };
		B8956B7D22AD2498002AD552 /* qurandata.txt in Resources */ = {isa = PBXBuildFile; fileRef = B8956B7C22AD2498002AD552 /* qurandata.txt */; };
		B8956B7E22AD2498002AD552 /* qurandata.txt in Resources */ = {isa = PBXBuildFile; fileRef = B8956B7C22AD2498002AD552 /* qurandata.txt */; };
		B8956B8022AD24B1002AD552 /* additionaldata.txt in Resources */ = {isa = PBXBuildFile; fileRef = B8956B7F22AD24B1002AD552 /* additionaldata.txt */; };
		B8956B8122AD24B1002AD552 /* additionaldata.txt in Resources */ = {isa = PBXBuildFile; fileRef = B8956B7F22AD24B1002AD552 /* additionaldata.txt */; };
		B8956B8322AD2819002AD552 /* CollectionHelper.swift in Sources */ = {isa = PBXBuildFile; fileRef = B8956B8222AD2819002AD552 /* CollectionHelper.swift */; };
		B8956B8422AD2819002AD552 /* CollectionHelper.swift in Sources */ = {isa = PBXBuildFile; fileRef = B8956B8222AD2819002AD552 /* CollectionHelper.swift */; };
		B8956B8622AD2829002AD552 /* ColorHelper.swift in Sources */ = {isa = PBXBuildFile; fileRef = B8956B8522AD2829002AD552 /* ColorHelper.swift */; };
		B8956B8722AD2829002AD552 /* ColorHelper.swift in Sources */ = {isa = PBXBuildFile; fileRef = B8956B8522AD2829002AD552 /* ColorHelper.swift */; };
		B8956B8922AD290E002AD552 /* CustomBarButtonItem.swift in Sources */ = {isa = PBXBuildFile; fileRef = B8956B8822AD290E002AD552 /* CustomBarButtonItem.swift */; };
		B8956B8A22AD290E002AD552 /* CustomBarButtonItem.swift in Sources */ = {isa = PBXBuildFile; fileRef = B8956B8822AD290E002AD552 /* CustomBarButtonItem.swift */; };
		B8956B8C22AD2990002AD552 /* CustomButton.swift in Sources */ = {isa = PBXBuildFile; fileRef = B8956B8B22AD2990002AD552 /* CustomButton.swift */; };
		B8956B8D22AD2990002AD552 /* CustomButton.swift in Sources */ = {isa = PBXBuildFile; fileRef = B8956B8B22AD2990002AD552 /* CustomButton.swift */; };
		B8956B9222AD29AA002AD552 /* CustomStepper.swift in Sources */ = {isa = PBXBuildFile; fileRef = B8956B9122AD29AA002AD552 /* CustomStepper.swift */; };
		B8956B9322AD29AA002AD552 /* CustomStepper.swift in Sources */ = {isa = PBXBuildFile; fileRef = B8956B9122AD29AA002AD552 /* CustomStepper.swift */; };
		B8956B9522AD29C4002AD552 /* ViewControllerHelper.swift in Sources */ = {isa = PBXBuildFile; fileRef = B8956B9422AD29C4002AD552 /* ViewControllerHelper.swift */; };
		B8956B9622AD29C4002AD552 /* ViewControllerHelper.swift in Sources */ = {isa = PBXBuildFile; fileRef = B8956B9422AD29C4002AD552 /* ViewControllerHelper.swift */; };
		B8956B9822AD29DC002AD552 /* CustomTextField.swift in Sources */ = {isa = PBXBuildFile; fileRef = B8956B9722AD29DC002AD552 /* CustomTextField.swift */; };
		B8956B9922AD29DC002AD552 /* CustomTextField.swift in Sources */ = {isa = PBXBuildFile; fileRef = B8956B9722AD29DC002AD552 /* CustomTextField.swift */; };
		B8956B9B22AD29FB002AD552 /* CustomView.swift in Sources */ = {isa = PBXBuildFile; fileRef = B8956B9A22AD29FA002AD552 /* CustomView.swift */; };
		B8956B9C22AD29FB002AD552 /* CustomView.swift in Sources */ = {isa = PBXBuildFile; fileRef = B8956B9A22AD29FA002AD552 /* CustomView.swift */; };
		B8956B9F22AD2A1E002AD552 /* IAPManager.swift in Sources */ = {isa = PBXBuildFile; fileRef = B8956B9D22AD2A1E002AD552 /* IAPManager.swift */; };
		B8956BA022AD2A1E002AD552 /* IAPManager.swift in Sources */ = {isa = PBXBuildFile; fileRef = B8956B9D22AD2A1E002AD552 /* IAPManager.swift */; };
		B8956BA122AD2A1E002AD552 /* IAPWorker.swift in Sources */ = {isa = PBXBuildFile; fileRef = B8956B9E22AD2A1E002AD552 /* IAPWorker.swift */; };
		B8956BA222AD2A1E002AD552 /* IAPWorker.swift in Sources */ = {isa = PBXBuildFile; fileRef = B8956B9E22AD2A1E002AD552 /* IAPWorker.swift */; };
		B8956BA522AD2A5A002AD552 /* ImageHelper.swift in Sources */ = {isa = PBXBuildFile; fileRef = B8956BA422AD2A5A002AD552 /* ImageHelper.swift */; };
		B8956BA622AD2A5A002AD552 /* ImageHelper.swift in Sources */ = {isa = PBXBuildFile; fileRef = B8956BA422AD2A5A002AD552 /* ImageHelper.swift */; };
		B8956BA822AD2A70002AD552 /* LocationController.swift in Sources */ = {isa = PBXBuildFile; fileRef = B8956BA722AD2A70002AD552 /* LocationController.swift */; };
		B8956BA922AD2A70002AD552 /* LocationController.swift in Sources */ = {isa = PBXBuildFile; fileRef = B8956BA722AD2A70002AD552 /* LocationController.swift */; };
		B8956BAB22AD2A9E002AD552 /* ScreenBrightnessHelper.swift in Sources */ = {isa = PBXBuildFile; fileRef = B8956BAA22AD2A9E002AD552 /* ScreenBrightnessHelper.swift */; };
		B8956BAC22AD2A9E002AD552 /* ScreenBrightnessHelper.swift in Sources */ = {isa = PBXBuildFile; fileRef = B8956BAA22AD2A9E002AD552 /* ScreenBrightnessHelper.swift */; };
		B8956BAE22AD2ABC002AD552 /* StringHelper.swift in Sources */ = {isa = PBXBuildFile; fileRef = B8956BAD22AD2ABB002AD552 /* StringHelper.swift */; };
		B8956BAF22AD2ABC002AD552 /* StringHelper.swift in Sources */ = {isa = PBXBuildFile; fileRef = B8956BAD22AD2ABB002AD552 /* StringHelper.swift */; };
		B8956BB122AD2C3F002AD552 /* KeyboardHelper.swift in Sources */ = {isa = PBXBuildFile; fileRef = B8956BB022AD2C3F002AD552 /* KeyboardHelper.swift */; };
		B8956BB222AD2C3F002AD552 /* KeyboardHelper.swift in Sources */ = {isa = PBXBuildFile; fileRef = B8956BB022AD2C3F002AD552 /* KeyboardHelper.swift */; };
		B8956BB522AD2CB7002AD552 /* CustomPhotoAlbum.swift in Sources */ = {isa = PBXBuildFile; fileRef = B8956BB322AD2CB6002AD552 /* CustomPhotoAlbum.swift */; };
		B8956BB622AD2CB7002AD552 /* CustomPhotoAlbum.swift in Sources */ = {isa = PBXBuildFile; fileRef = B8956BB322AD2CB6002AD552 /* CustomPhotoAlbum.swift */; };
		B8956BB722AD2CB7002AD552 /* ImagePickerController.swift in Sources */ = {isa = PBXBuildFile; fileRef = B8956BB422AD2CB6002AD552 /* ImagePickerController.swift */; };
		B8956BB822AD2CB7002AD552 /* ImagePickerController.swift in Sources */ = {isa = PBXBuildFile; fileRef = B8956BB422AD2CB6002AD552 /* ImagePickerController.swift */; };
		B8956BBC22AD4BBB002AD552 /* ScrollingNavigationController.swift in Sources */ = {isa = PBXBuildFile; fileRef = B8956BBA22AD4BBB002AD552 /* ScrollingNavigationController.swift */; };
		B8956BBD22AD4BBB002AD552 /* ScrollingNavigationController.swift in Sources */ = {isa = PBXBuildFile; fileRef = B8956BBA22AD4BBB002AD552 /* ScrollingNavigationController.swift */; };
		B8956BBE22AD4BBB002AD552 /* ScrollingNavbar+Sizes.swift in Sources */ = {isa = PBXBuildFile; fileRef = B8956BBB22AD4BBB002AD552 /* ScrollingNavbar+Sizes.swift */; };
		B8956BBF22AD4BBB002AD552 /* ScrollingNavbar+Sizes.swift in Sources */ = {isa = PBXBuildFile; fileRef = B8956BBB22AD4BBB002AD552 /* ScrollingNavbar+Sizes.swift */; };
		B8956BC222AD4C34002AD552 /* SpinnerController.swift in Sources */ = {isa = PBXBuildFile; fileRef = B8956BC122AD4C34002AD552 /* SpinnerController.swift */; };
		B8956BC322AD4C34002AD552 /* SpinnerController.swift in Sources */ = {isa = PBXBuildFile; fileRef = B8956BC122AD4C34002AD552 /* SpinnerController.swift */; };
		B8B8046122B11BD800DA4C9E /* ToastHelper.swift in Sources */ = {isa = PBXBuildFile; fileRef = B8B8046022B11BD800DA4C9E /* ToastHelper.swift */; };
		B8B8046222B11BD800DA4C9E /* ToastHelper.swift in Sources */ = {isa = PBXBuildFile; fileRef = B8B8046022B11BD800DA4C9E /* ToastHelper.swift */; };
		B8B8046422B11BE100DA4C9E /* ToastViewController.swift in Sources */ = {isa = PBXBuildFile; fileRef = B8B8046322B11BE100DA4C9E /* ToastViewController.swift */; };
		B8B8046522B11BE100DA4C9E /* ToastViewController.swift in Sources */ = {isa = PBXBuildFile; fileRef = B8B8046322B11BE100DA4C9E /* ToastViewController.swift */; };
		B8B8046722B11C3C00DA4C9E /* ToastView.xib in Resources */ = {isa = PBXBuildFile; fileRef = B8B8046622B11C3C00DA4C9E /* ToastView.xib */; };
		B8B8046822B11C3C00DA4C9E /* ToastView.xib in Resources */ = {isa = PBXBuildFile; fileRef = B8B8046622B11C3C00DA4C9E /* ToastView.xib */; };
		E10DFF85EC33CF31E64E74BF /* Pods_Code_BibleTests.framework in Frameworks */ = {isa = PBXBuildFile; fileRef = 639EDA84457A9D7060335E2D /* Pods_Code_BibleTests.framework */; };
/* End PBXBuildFile section */

/* Begin PBXContainerItemProxy section */
		B8956A5A22ACB913002AD552 /* PBXContainerItemProxy */ = {
			isa = PBXContainerItemProxy;
			containerPortal = B8956A3822ACB912002AD552 /* Project object */;
			proxyType = 1;
			remoteGlobalIDString = B8956A3F22ACB912002AD552;
			remoteInfo = CodeBible;
		};
		B8956A6522ACB913002AD552 /* PBXContainerItemProxy */ = {
			isa = PBXContainerItemProxy;
			containerPortal = B8956A3822ACB912002AD552 /* Project object */;
			proxyType = 1;
			remoteGlobalIDString = B8956A3F22ACB912002AD552;
			remoteInfo = CodeBible;
		};
		B8956AF622ACCD59002AD552 /* PBXContainerItemProxy */ = {
			isa = PBXContainerItemProxy;
			containerPortal = B8956A3822ACB912002AD552 /* Project object */;
			proxyType = 1;
			remoteGlobalIDString = B8956ABD22ACC386002AD552;
			remoteInfo = "Code Bible Dev";
		};
		B8956AF822ACCD64002AD552 /* PBXContainerItemProxy */ = {
			isa = PBXContainerItemProxy;
			containerPortal = B8956A3822ACB912002AD552 /* Project object */;
			proxyType = 1;
			remoteGlobalIDString = B8956ABD22ACC386002AD552;
			remoteInfo = "Code Bible Dev";
		};
/* End PBXContainerItemProxy section */

/* Begin PBXFileReference section */
		0BE68FD9441227F2C391965F /* Pods-Code Bible.release.xcconfig */ = {isa = PBXFileReference; includeInIndex = 1; lastKnownFileType = text.xcconfig; name = "Pods-Code Bible.release.xcconfig"; path = "Pods/Target Support Files/Pods-Code Bible/Pods-Code Bible.release.xcconfig"; sourceTree = "<group>"; };
		0FFB7B21D06FFD1808756FFA /* Pods-Code Bible.debug.xcconfig */ = {isa = PBXFileReference; includeInIndex = 1; lastKnownFileType = text.xcconfig; name = "Pods-Code Bible.debug.xcconfig"; path = "Pods/Target Support Files/Pods-Code Bible/Pods-Code Bible.debug.xcconfig"; sourceTree = "<group>"; };
		446E3FDB9BE93962C21785FB /* Pods-Code BibleUITests.release.xcconfig */ = {isa = PBXFileReference; includeInIndex = 1; lastKnownFileType = text.xcconfig; name = "Pods-Code BibleUITests.release.xcconfig"; path = "Pods/Target Support Files/Pods-Code BibleUITests/Pods-Code BibleUITests.release.xcconfig"; sourceTree = "<group>"; };
		5085B83A51393017F7A7A0B1 /* Pods-Code BibleUITests.debug.xcconfig */ = {isa = PBXFileReference; includeInIndex = 1; lastKnownFileType = text.xcconfig; name = "Pods-Code BibleUITests.debug.xcconfig"; path = "Pods/Target Support Files/Pods-Code BibleUITests/Pods-Code BibleUITests.debug.xcconfig"; sourceTree = "<group>"; };
		639EDA84457A9D7060335E2D /* Pods_Code_BibleTests.framework */ = {isa = PBXFileReference; explicitFileType = wrapper.framework; includeInIndex = 0; path = Pods_Code_BibleTests.framework; sourceTree = BUILT_PRODUCTS_DIR; };
		6E3C11E853D14921F8F8631F /* Pods-Code BibleTests.release.xcconfig */ = {isa = PBXFileReference; includeInIndex = 1; lastKnownFileType = text.xcconfig; name = "Pods-Code BibleTests.release.xcconfig"; path = "Pods/Target Support Files/Pods-Code BibleTests/Pods-Code BibleTests.release.xcconfig"; sourceTree = "<group>"; };
		8EF62669C00A68FEAD127EC0 /* Pods_Code_BibleUITests.framework */ = {isa = PBXFileReference; explicitFileType = wrapper.framework; includeInIndex = 0; path = Pods_Code_BibleUITests.framework; sourceTree = BUILT_PRODUCTS_DIR; };
		9CF0E4590332B5C45240FE7E /* Pods_Code_Bible.framework */ = {isa = PBXFileReference; explicitFileType = wrapper.framework; includeInIndex = 0; path = Pods_Code_Bible.framework; sourceTree = BUILT_PRODUCTS_DIR; };
		AF7C36856C7A7FEFCC7EA38D /* Pods_Code_Bible_Dev.framework */ = {isa = PBXFileReference; explicitFileType = wrapper.framework; includeInIndex = 0; path = Pods_Code_Bible_Dev.framework; sourceTree = BUILT_PRODUCTS_DIR; };
		B8956A4022ACB912002AD552 /* Code Bible.app */ = {isa = PBXFileReference; explicitFileType = wrapper.application; includeInIndex = 0; path = "Code Bible.app"; sourceTree = BUILT_PRODUCTS_DIR; };
		B8956A4322ACB912002AD552 /* AppDelegate.swift */ = {isa = PBXFileReference; lastKnownFileType = sourcecode.swift; path = AppDelegate.swift; sourceTree = "<group>"; };
		B8956A4522ACB912002AD552 /* SceneDelegate.swift */ = {isa = PBXFileReference; lastKnownFileType = sourcecode.swift; path = SceneDelegate.swift; sourceTree = "<group>"; };
		B8956A4822ACB912002AD552 /* CodeBible.xcdatamodel */ = {isa = PBXFileReference; lastKnownFileType = wrapper.xcdatamodel; path = CodeBible.xcdatamodel; sourceTree = "<group>"; };
		B8956A4A22ACB912002AD552 /* ContentView.swift */ = {isa = PBXFileReference; lastKnownFileType = sourcecode.swift; path = ContentView.swift; sourceTree = "<group>"; };
		B8956A4C22ACB913002AD552 /* Assets.xcassets */ = {isa = PBXFileReference; lastKnownFileType = folder.assetcatalog; path = Assets.xcassets; sourceTree = "<group>"; };
		B8956A4F22ACB913002AD552 /* Preview Assets.xcassets */ = {isa = PBXFileReference; lastKnownFileType = folder.assetcatalog; path = "Preview Assets.xcassets"; sourceTree = "<group>"; };
		B8956A5422ACB913002AD552 /* Info.plist */ = {isa = PBXFileReference; lastKnownFileType = text.plist.xml; path = Info.plist; sourceTree = "<group>"; };
		B8956A5922ACB913002AD552 /* Code BibleTests.xctest */ = {isa = PBXFileReference; explicitFileType = wrapper.cfbundle; includeInIndex = 0; path = "Code BibleTests.xctest"; sourceTree = BUILT_PRODUCTS_DIR; };
		B8956A5D22ACB913002AD552 /* Code_BibleTests.swift */ = {isa = PBXFileReference; lastKnownFileType = sourcecode.swift; path = Code_BibleTests.swift; sourceTree = "<group>"; };
		B8956A5F22ACB913002AD552 /* Info.plist */ = {isa = PBXFileReference; lastKnownFileType = text.plist.xml; path = Info.plist; sourceTree = "<group>"; };
		B8956A6422ACB913002AD552 /* Code BibleUITests.xctest */ = {isa = PBXFileReference; explicitFileType = wrapper.cfbundle; includeInIndex = 0; path = "Code BibleUITests.xctest"; sourceTree = BUILT_PRODUCTS_DIR; };
		B8956A6822ACB913002AD552 /* Code_BibleUITests.swift */ = {isa = PBXFileReference; lastKnownFileType = sourcecode.swift; path = Code_BibleUITests.swift; sourceTree = "<group>"; };
		B8956A6A22ACB913002AD552 /* Info.plist */ = {isa = PBXFileReference; lastKnownFileType = text.plist.xml; path = Info.plist; sourceTree = "<group>"; };
		B8956AB622ACBE56002AD552 /* Code Bible.entitlements */ = {isa = PBXFileReference; lastKnownFileType = text.plist.entitlements; path = "Code Bible.entitlements"; sourceTree = "<group>"; };
		B8956AB722ACBEA5002AD552 /* Settings.bundle */ = {isa = PBXFileReference; lastKnownFileType = "wrapper.plug-in"; path = Settings.bundle; sourceTree = "<group>"; };
		B8956AB922ACBEC7002AD552 /* Code Bible-Bridging-Header.h */ = {isa = PBXFileReference; lastKnownFileType = sourcecode.c.h; path = "Code Bible-Bridging-Header.h"; sourceTree = "<group>"; };
		B8956ACC22ACC386002AD552 /* Code Bible Dev.app */ = {isa = PBXFileReference; explicitFileType = wrapper.application; includeInIndex = 0; path = "Code Bible Dev.app"; sourceTree = BUILT_PRODUCTS_DIR; };
		B8956ACE22ACC3EF002AD552 /* Code Bible Dev-Info.plist */ = {isa = PBXFileReference; lastKnownFileType = text.plist.xml; path = "Code Bible Dev-Info.plist"; sourceTree = "<group>"; };
		B8956AD522ACC7CA002AD552 /* me_quran2.ttf */ = {isa = PBXFileReference; lastKnownFileType = file; path = me_quran2.ttf; sourceTree = "<group>"; };
		B8956AD722ACC7E5002AD552 /* snooze.caf */ = {isa = PBXFileReference; lastKnownFileType = file; path = snooze.caf; sourceTree = "<group>"; };
		B8956AD822ACC7E5002AD552 /* notification.caf */ = {isa = PBXFileReference; lastKnownFileType = file; path = notification.caf; sourceTree = "<group>"; };
		B8956AD922ACC7E5002AD552 /* correctAnswer.m4a */ = {isa = PBXFileReference; lastKnownFileType = file; path = correctAnswer.m4a; sourceTree = "<group>"; };
		B8956ADA22ACC7E5002AD552 /* Swoosh.caf */ = {isa = PBXFileReference; lastKnownFileType = file; path = Swoosh.caf; sourceTree = "<group>"; };
		B8956ADB22ACC7E5002AD552 /* countdown.m4a */ = {isa = PBXFileReference; lastKnownFileType = file; path = countdown.m4a; sourceTree = "<group>"; };
		B8956ADC22ACC7E6002AD552 /* tap.caf */ = {isa = PBXFileReference; lastKnownFileType = file; path = tap.caf; sourceTree = "<group>"; };
		B8956ADD22ACC7E6002AD552 /* losing.caf */ = {isa = PBXFileReference; lastKnownFileType = file; path = losing.caf; sourceTree = "<group>"; };
		B8956ADE22ACC7E6002AD552 /* wrong-answer.caf */ = {isa = PBXFileReference; lastKnownFileType = file; path = "wrong-answer.caf"; sourceTree = "<group>"; };
		B8956ADF22ACC7E6002AD552 /* questionAppear.m4a */ = {isa = PBXFileReference; lastKnownFileType = file; path = questionAppear.m4a; sourceTree = "<group>"; };
		B8956AE022ACC7E6002AD552 /* wrongAnswer.m4a */ = {isa = PBXFileReference; lastKnownFileType = file; path = wrongAnswer.m4a; sourceTree = "<group>"; };
		B8956AE122ACC7E6002AD552 /* alhamdulillah-sound.caf */ = {isa = PBXFileReference; lastKnownFileType = file; path = "alhamdulillah-sound.caf"; sourceTree = "<group>"; };
		B8956AE222ACC7E6002AD552 /* challengerFound.m4a */ = {isa = PBXFileReference; lastKnownFileType = file; path = challengerFound.m4a; sourceTree = "<group>"; };
		B8956AE322ACC7E6002AD552 /* winning.caf */ = {isa = PBXFileReference; lastKnownFileType = file; path = winning.caf; sourceTree = "<group>"; };
		B8956AE422ACC7E6002AD552 /* appear.m4a */ = {isa = PBXFileReference; lastKnownFileType = file; path = appear.m4a; sourceTree = "<group>"; };
		B8956AE522ACC7E6002AD552 /* mashaAllah-sound.caf */ = {isa = PBXFileReference; lastKnownFileType = file; path = "mashaAllah-sound.caf"; sourceTree = "<group>"; };
		B8956AE622ACC7E6002AD552 /* wordCardFlipSound.caf */ = {isa = PBXFileReference; lastKnownFileType = file; path = wordCardFlipSound.caf; sourceTree = "<group>"; };
		B8956AE722ACC7E6002AD552 /* heartbeat.m4a */ = {isa = PBXFileReference; lastKnownFileType = file; path = heartbeat.m4a; sourceTree = "<group>"; };
		B8956AE822ACC7E6002AD552 /* tap.m4a */ = {isa = PBXFileReference; lastKnownFileType = file; path = tap.m4a; sourceTree = "<group>"; };
		B8956AEE22ACC966002AD552 /* EmailValidatorTests.swift */ = {isa = PBXFileReference; lastKnownFileType = sourcecode.swift; path = EmailValidatorTests.swift; sourceTree = "<group>"; };
		B8956AF422ACCB09002AD552 /* Code Bible Dev.entitlements */ = {isa = PBXFileReference; lastKnownFileType = text.plist.entitlements; path = "Code Bible Dev.entitlements"; sourceTree = "<group>"; };
		B8956AFC22ACCE54002AD552 /* Code BibleTests-Bridging-Header.h */ = {isa = PBXFileReference; lastKnownFileType = sourcecode.c.h; path = "Code BibleTests-Bridging-Header.h"; sourceTree = "<group>"; };
		B8956AFD22ACCEC6002AD552 /* Code BibleUITests-Bridging-Header.h */ = {isa = PBXFileReference; lastKnownFileType = sourcecode.c.h; path = "Code BibleUITests-Bridging-Header.h"; sourceTree = "<group>"; };
		B8956B0322ACD01F002AD552 /* Base */ = {isa = PBXFileReference; lastKnownFileType = text.plist.xml; name = Base; path = Base.lproj/Locales.plist; sourceTree = "<group>"; };
		B8956B0522ACD028002AD552 /* ar */ = {isa = PBXFileReference; lastKnownFileType = text.plist.xml; name = ar; path = ar.lproj/Locales.plist; sourceTree = "<group>"; };
		B8956B0622ACD029002AD552 /* zh */ = {isa = PBXFileReference; lastKnownFileType = text.plist.xml; name = zh; path = zh.lproj/Locales.plist; sourceTree = "<group>"; };
		B8956B0722ACD02A002AD552 /* ms */ = {isa = PBXFileReference; lastKnownFileType = text.plist.xml; name = ms; path = ms.lproj/Locales.plist; sourceTree = "<group>"; };
		B8956B0922ACD0CC002AD552 /* LaunchScreen.storyboard */ = {isa = PBXFileReference; fileEncoding = 4; lastKnownFileType = file.storyboard; path = LaunchScreen.storyboard; sourceTree = "<group>"; };
		B8956B0C22ACD1C3002AD552 /* KPPayment.swift */ = {isa = PBXFileReference; fileEncoding = 4; lastKnownFileType = sourcecode.swift; path = KPPayment.swift; sourceTree = "<group>"; };
		B8956B1122ACD2D9002AD552 /* beaming.json */ = {isa = PBXFileReference; fileEncoding = 4; lastKnownFileType = text.json; path = beaming.json; sourceTree = "<group>"; };
		B8956B1222ACD2D9002AD552 /* iOS_TakeHomeTest2.csv */ = {isa = PBXFileReference; fileEncoding = 4; lastKnownFileType = text; path = iOS_TakeHomeTest2.csv; sourceTree = "<group>"; };
		B8956B1922ACD67A002AD552 /* CacheDataStore.swift */ = {isa = PBXFileReference; lastKnownFileType = sourcecode.swift; path = CacheDataStore.swift; sourceTree = "<group>"; };
		B8956B1D22ACD6CF002AD552 /* UserDefaultsDataStore.swift */ = {isa = PBXFileReference; fileEncoding = 4; lastKnownFileType = sourcecode.swift; path = UserDefaultsDataStore.swift; sourceTree = "<group>"; };
		B8956B1E22ACD6CF002AD552 /* FileManagerDataStore.swift */ = {isa = PBXFileReference; fileEncoding = 4; lastKnownFileType = sourcecode.swift; path = FileManagerDataStore.swift; sourceTree = "<group>"; };
		B8956B2322ACD73D002AD552 /* FileManagerStatusChecking.swift */ = {isa = PBXFileReference; fileEncoding = 4; lastKnownFileType = sourcecode.swift; path = FileManagerStatusChecking.swift; sourceTree = "<group>"; };
		B8956B2422ACD73D002AD552 /* FileManagerDirectories.swift */ = {isa = PBXFileReference; fileEncoding = 4; lastKnownFileType = sourcecode.swift; path = FileManagerDirectories.swift; sourceTree = "<group>"; };
		B8956B2522ACD73D002AD552 /* FileManagerHelper.swift */ = {isa = PBXFileReference; fileEncoding = 4; lastKnownFileType = sourcecode.swift; path = FileManagerHelper.swift; sourceTree = "<group>"; };
		B8956B2622ACD73D002AD552 /* FileManagerDirectoryNames.swift */ = {isa = PBXFileReference; fileEncoding = 4; lastKnownFileType = sourcecode.swift; path = FileManagerDirectoryNames.swift; sourceTree = "<group>"; };
		B8956B2722ACD73D002AD552 /* FileManagerSystemMetaData.swift */ = {isa = PBXFileReference; fileEncoding = 4; lastKnownFileType = sourcecode.swift; path = FileManagerSystemMetaData.swift; sourceTree = "<group>"; };
		B8956B3422ACD7F5002AD552 /* Environments.swift */ = {isa = PBXFileReference; fileEncoding = 4; lastKnownFileType = sourcecode.swift; path = Environments.swift; sourceTree = "<group>"; };
		B8956B3522ACD7F5002AD552 /* Routes.swift */ = {isa = PBXFileReference; fileEncoding = 4; lastKnownFileType = sourcecode.swift; path = Routes.swift; sourceTree = "<group>"; };
		B8956B3622ACD7F5002AD552 /* Constants.swift */ = {isa = PBXFileReference; fileEncoding = 4; lastKnownFileType = sourcecode.swift; path = Constants.swift; sourceTree = "<group>"; };
		B8956B3D22ACD98E002AD552 /* APIWorker.swift */ = {isa = PBXFileReference; fileEncoding = 4; lastKnownFileType = sourcecode.swift; path = APIWorker.swift; sourceTree = "<group>"; };
		B8956B3E22ACD98E002AD552 /* APIManager.swift */ = {isa = PBXFileReference; fileEncoding = 4; lastKnownFileType = sourcecode.swift; path = APIManager.swift; sourceTree = "<group>"; };
		B8956B4422ACDA3F002AD552 /* NumberHelper.swift */ = {isa = PBXFileReference; fileEncoding = 4; lastKnownFileType = sourcecode.swift; path = NumberHelper.swift; sourceTree = "<group>"; };
		B8956B4722ACDAE1002AD552 /* Deeplink.swift */ = {isa = PBXFileReference; fileEncoding = 4; lastKnownFileType = sourcecode.swift; path = Deeplink.swift; sourceTree = "<group>"; };
		B8956B4822ACDAE1002AD552 /* IAPProducts.swift */ = {isa = PBXFileReference; fileEncoding = 4; lastKnownFileType = sourcecode.swift; path = IAPProducts.swift; sourceTree = "<group>"; };
		B8956B4E22ACDBAA002AD552 /* Channel.swift */ = {isa = PBXFileReference; fileEncoding = 4; lastKnownFileType = sourcecode.swift; path = Channel.swift; sourceTree = "<group>"; };
		B8956B5222ACDBD0002AD552 /* User.swift */ = {isa = PBXFileReference; fileEncoding = 4; lastKnownFileType = sourcecode.swift; path = User.swift; sourceTree = "<group>"; };
		B8956B5322ACDBD0002AD552 /* SpotPrice.swift */ = {isa = PBXFileReference; fileEncoding = 4; lastKnownFileType = sourcecode.swift; path = SpotPrice.swift; sourceTree = "<group>"; };
		B8956B5922ACDBF5002AD552 /* Restaurant.swift */ = {isa = PBXFileReference; fileEncoding = 4; lastKnownFileType = sourcecode.swift; path = Restaurant.swift; sourceTree = "<group>"; };
		B8956B5A22ACDBF5002AD552 /* Day.swift */ = {isa = PBXFileReference; fileEncoding = 4; lastKnownFileType = sourcecode.swift; path = Day.swift; sourceTree = "<group>"; };
		B8956B5B22ACDBF5002AD552 /* OpeningTime.swift */ = {isa = PBXFileReference; fileEncoding = 4; lastKnownFileType = sourcecode.swift; path = OpeningTime.swift; sourceTree = "<group>"; };
		B8956B6322ACDCAE002AD552 /* DateHelper.swift */ = {isa = PBXFileReference; fileEncoding = 4; lastKnownFileType = sourcecode.swift; path = DateHelper.swift; sourceTree = "<group>"; };
		B8956B6622ACDE0C002AD552 /* IPAddressHelper.swift */ = {isa = PBXFileReference; fileEncoding = 4; lastKnownFileType = sourcecode.swift; path = IPAddressHelper.swift; sourceTree = "<group>"; };
		B8956B6922ACDE1B002AD552 /* SettingsBundleHelper.swift */ = {isa = PBXFileReference; fileEncoding = 4; lastKnownFileType = sourcecode.swift; path = SettingsBundleHelper.swift; sourceTree = "<group>"; };
		B8956B6C22ACE07D002AD552 /* EmailValidator.swift */ = {isa = PBXFileReference; lastKnownFileType = sourcecode.swift; path = EmailValidator.swift; sourceTree = "<group>"; };
		B8956B6F22ACEA70002AD552 /* NumberValidator.swift */ = {isa = PBXFileReference; lastKnownFileType = sourcecode.swift; path = NumberValidator.swift; sourceTree = "<group>"; };
		B8956B7722AD21C2002AD552 /* en */ = {isa = PBXFileReference; lastKnownFileType = text.plist.strings; name = en; path = en.lproj/InfoPlist.strings; sourceTree = "<group>"; };
		B8956B7922AD21CB002AD552 /* ar */ = {isa = PBXFileReference; lastKnownFileType = text.plist.strings; name = ar; path = ar.lproj/InfoPlist.strings; sourceTree = "<group>"; };
		B8956B7A22AD21CC002AD552 /* zh */ = {isa = PBXFileReference; lastKnownFileType = text.plist.strings; name = zh; path = zh.lproj/InfoPlist.strings; sourceTree = "<group>"; };
		B8956B7B22AD21CE002AD552 /* ms */ = {isa = PBXFileReference; lastKnownFileType = text.plist.strings; name = ms; path = ms.lproj/InfoPlist.strings; sourceTree = "<group>"; };
		B8956B7C22AD2498002AD552 /* qurandata.txt */ = {isa = PBXFileReference; fileEncoding = 4; lastKnownFileType = text; path = qurandata.txt; sourceTree = "<group>"; };
		B8956B7F22AD24B1002AD552 /* additionaldata.txt */ = {isa = PBXFileReference; fileEncoding = 4; lastKnownFileType = text; path = additionaldata.txt; sourceTree = "<group>"; };
		B8956B8222AD2819002AD552 /* CollectionHelper.swift */ = {isa = PBXFileReference; fileEncoding = 4; lastKnownFileType = sourcecode.swift; path = CollectionHelper.swift; sourceTree = "<group>"; };
		B8956B8522AD2829002AD552 /* ColorHelper.swift */ = {isa = PBXFileReference; fileEncoding = 4; lastKnownFileType = sourcecode.swift; path = ColorHelper.swift; sourceTree = "<group>"; };
		B8956B8822AD290E002AD552 /* CustomBarButtonItem.swift */ = {isa = PBXFileReference; fileEncoding = 4; lastKnownFileType = sourcecode.swift; path = CustomBarButtonItem.swift; sourceTree = "<group>"; };
		B8956B8B22AD2990002AD552 /* CustomButton.swift */ = {isa = PBXFileReference; fileEncoding = 4; lastKnownFileType = sourcecode.swift; path = CustomButton.swift; sourceTree = "<group>"; };
		B8956B9122AD29AA002AD552 /* CustomStepper.swift */ = {isa = PBXFileReference; fileEncoding = 4; lastKnownFileType = sourcecode.swift; path = CustomStepper.swift; sourceTree = "<group>"; };
		B8956B9422AD29C4002AD552 /* ViewControllerHelper.swift */ = {isa = PBXFileReference; fileEncoding = 4; lastKnownFileType = sourcecode.swift; path = ViewControllerHelper.swift; sourceTree = "<group>"; };
		B8956B9722AD29DC002AD552 /* CustomTextField.swift */ = {isa = PBXFileReference; fileEncoding = 4; lastKnownFileType = sourcecode.swift; path = CustomTextField.swift; sourceTree = "<group>"; };
		B8956B9A22AD29FA002AD552 /* CustomView.swift */ = {isa = PBXFileReference; fileEncoding = 4; lastKnownFileType = sourcecode.swift; path = CustomView.swift; sourceTree = "<group>"; };
		B8956B9D22AD2A1E002AD552 /* IAPManager.swift */ = {isa = PBXFileReference; fileEncoding = 4; lastKnownFileType = sourcecode.swift; path = IAPManager.swift; sourceTree = "<group>"; };
		B8956B9E22AD2A1E002AD552 /* IAPWorker.swift */ = {isa = PBXFileReference; fileEncoding = 4; lastKnownFileType = sourcecode.swift; path = IAPWorker.swift; sourceTree = "<group>"; };
		B8956BA422AD2A5A002AD552 /* ImageHelper.swift */ = {isa = PBXFileReference; fileEncoding = 4; lastKnownFileType = sourcecode.swift; path = ImageHelper.swift; sourceTree = "<group>"; };
		B8956BA722AD2A70002AD552 /* LocationController.swift */ = {isa = PBXFileReference; fileEncoding = 4; lastKnownFileType = sourcecode.swift; path = LocationController.swift; sourceTree = "<group>"; };
		B8956BAA22AD2A9E002AD552 /* ScreenBrightnessHelper.swift */ = {isa = PBXFileReference; fileEncoding = 4; lastKnownFileType = sourcecode.swift; path = ScreenBrightnessHelper.swift; sourceTree = "<group>"; };
		B8956BAD22AD2ABB002AD552 /* StringHelper.swift */ = {isa = PBXFileReference; fileEncoding = 4; lastKnownFileType = sourcecode.swift; path = StringHelper.swift; sourceTree = "<group>"; };
		B8956BB022AD2C3F002AD552 /* KeyboardHelper.swift */ = {isa = PBXFileReference; fileEncoding = 4; lastKnownFileType = sourcecode.swift; path = KeyboardHelper.swift; sourceTree = "<group>"; };
		B8956BB322AD2CB6002AD552 /* CustomPhotoAlbum.swift */ = {isa = PBXFileReference; fileEncoding = 4; lastKnownFileType = sourcecode.swift; path = CustomPhotoAlbum.swift; sourceTree = "<group>"; };
		B8956BB422AD2CB6002AD552 /* ImagePickerController.swift */ = {isa = PBXFileReference; fileEncoding = 4; lastKnownFileType = sourcecode.swift; path = ImagePickerController.swift; sourceTree = "<group>"; };
		B8956BBA22AD4BBB002AD552 /* ScrollingNavigationController.swift */ = {isa = PBXFileReference; fileEncoding = 4; lastKnownFileType = sourcecode.swift; path = ScrollingNavigationController.swift; sourceTree = "<group>"; };
		B8956BBB22AD4BBB002AD552 /* ScrollingNavbar+Sizes.swift */ = {isa = PBXFileReference; fileEncoding = 4; lastKnownFileType = sourcecode.swift; path = "ScrollingNavbar+Sizes.swift"; sourceTree = "<group>"; };
		B8956BC122AD4C34002AD552 /* SpinnerController.swift */ = {isa = PBXFileReference; fileEncoding = 4; lastKnownFileType = sourcecode.swift; path = SpinnerController.swift; sourceTree = "<group>"; };
		B8B8046022B11BD800DA4C9E /* ToastHelper.swift */ = {isa = PBXFileReference; fileEncoding = 4; lastKnownFileType = sourcecode.swift; path = ToastHelper.swift; sourceTree = "<group>"; };
		B8B8046322B11BE100DA4C9E /* ToastViewController.swift */ = {isa = PBXFileReference; fileEncoding = 4; lastKnownFileType = sourcecode.swift; path = ToastViewController.swift; sourceTree = "<group>"; };
		B8B8046622B11C3C00DA4C9E /* ToastView.xib */ = {isa = PBXFileReference; lastKnownFileType = file.xib; path = ToastView.xib; sourceTree = "<group>"; };
		E65E7E8C2849C1221D1CFE6E /* Pods-Code BibleTests.debug.xcconfig */ = {isa = PBXFileReference; includeInIndex = 1; lastKnownFileType = text.xcconfig; name = "Pods-Code BibleTests.debug.xcconfig"; path = "Pods/Target Support Files/Pods-Code BibleTests/Pods-Code BibleTests.debug.xcconfig"; sourceTree = "<group>"; };
		FF51F48CBC69C5A9381C0488 /* Pods-Code Bible Dev.debug.xcconfig */ = {isa = PBXFileReference; includeInIndex = 1; lastKnownFileType = text.xcconfig; name = "Pods-Code Bible Dev.debug.xcconfig"; path = "Pods/Target Support Files/Pods-Code Bible Dev/Pods-Code Bible Dev.debug.xcconfig"; sourceTree = "<group>"; };
		FFC0222638E115C9A84011F6 /* Pods-Code Bible Dev.release.xcconfig */ = {isa = PBXFileReference; includeInIndex = 1; lastKnownFileType = text.xcconfig; name = "Pods-Code Bible Dev.release.xcconfig"; path = "Pods/Target Support Files/Pods-Code Bible Dev/Pods-Code Bible Dev.release.xcconfig"; sourceTree = "<group>"; };
/* End PBXFileReference section */

/* Begin PBXFrameworksBuildPhase section */
		B8956A3D22ACB912002AD552 /* Frameworks */ = {
			isa = PBXFrameworksBuildPhase;
			buildActionMask = 2147483647;
			files = (
				21284A6152C28AC86F399C17 /* Pods_Code_Bible.framework in Frameworks */,
			);
			runOnlyForDeploymentPostprocessing = 0;
		};
		B8956A5622ACB913002AD552 /* Frameworks */ = {
			isa = PBXFrameworksBuildPhase;
			buildActionMask = 2147483647;
			files = (
				E10DFF85EC33CF31E64E74BF /* Pods_Code_BibleTests.framework in Frameworks */,
			);
			runOnlyForDeploymentPostprocessing = 0;
		};
		B8956A6122ACB913002AD552 /* Frameworks */ = {
			isa = PBXFrameworksBuildPhase;
			buildActionMask = 2147483647;
			files = (
				053582B2CAA2A1DBBA9F7129 /* Pods_Code_BibleUITests.framework in Frameworks */,
			);
			runOnlyForDeploymentPostprocessing = 0;
		};
		B8956AC322ACC386002AD552 /* Frameworks */ = {
			isa = PBXFrameworksBuildPhase;
			buildActionMask = 2147483647;
			files = (
				026EB64436107C80AAED8BAD /* Pods_Code_Bible_Dev.framework in Frameworks */,
			);
			runOnlyForDeploymentPostprocessing = 0;
		};
/* End PBXFrameworksBuildPhase section */

/* Begin PBXGroup section */
		4E252C243529A04F9FDD06B4 /* Pods */ = {
			isa = PBXGroup;
			children = (
				0FFB7B21D06FFD1808756FFA /* Pods-Code Bible.debug.xcconfig */,
				0BE68FD9441227F2C391965F /* Pods-Code Bible.release.xcconfig */,
				FF51F48CBC69C5A9381C0488 /* Pods-Code Bible Dev.debug.xcconfig */,
				FFC0222638E115C9A84011F6 /* Pods-Code Bible Dev.release.xcconfig */,
				E65E7E8C2849C1221D1CFE6E /* Pods-Code BibleTests.debug.xcconfig */,
				6E3C11E853D14921F8F8631F /* Pods-Code BibleTests.release.xcconfig */,
				5085B83A51393017F7A7A0B1 /* Pods-Code BibleUITests.debug.xcconfig */,
				446E3FDB9BE93962C21785FB /* Pods-Code BibleUITests.release.xcconfig */,
			);
			name = Pods;
			sourceTree = "<group>";
		};
		64B72695851EEAA23F29A2C3 /* Frameworks */ = {
			isa = PBXGroup;
			children = (
				9CF0E4590332B5C45240FE7E /* Pods_Code_Bible.framework */,
				AF7C36856C7A7FEFCC7EA38D /* Pods_Code_Bible_Dev.framework */,
				639EDA84457A9D7060335E2D /* Pods_Code_BibleTests.framework */,
				8EF62669C00A68FEAD127EC0 /* Pods_Code_BibleUITests.framework */,
			);
			name = Frameworks;
			sourceTree = "<group>";
		};
		B8956A3722ACB912002AD552 = {
			isa = PBXGroup;
			children = (
				B8956A4222ACB912002AD552 /* Code Bible */,
				B8956A5C22ACB913002AD552 /* Code BibleTests */,
				B8956A6722ACB913002AD552 /* Code BibleUITests */,
				B8956A4122ACB912002AD552 /* Products */,
				4E252C243529A04F9FDD06B4 /* Pods */,
				64B72695851EEAA23F29A2C3 /* Frameworks */,
			);
			sourceTree = "<group>";
		};
		B8956A4122ACB912002AD552 /* Products */ = {
			isa = PBXGroup;
			children = (
				B8956A4022ACB912002AD552 /* Code Bible.app */,
				B8956A5922ACB913002AD552 /* Code BibleTests.xctest */,
				B8956A6422ACB913002AD552 /* Code BibleUITests.xctest */,
				B8956ACC22ACC386002AD552 /* Code Bible Dev.app */,
			);
			name = Products;
			sourceTree = "<group>";
		};
		B8956A4222ACB912002AD552 /* Code Bible */ = {
			isa = PBXGroup;
			children = (
				B8956AD022ACC725002AD552 /* App */,
				B8956ACF22ACC711002AD552 /* Config */,
				B8956B1C22ACD682002AD552 /* DataStore */,
				B8956B1722ACD2E6002AD552 /* Lib */,
				B8956B0F22ACD1CC002AD552 /* Vendor */,
				B8956AB522ACBDBA002AD552 /* Supporting Files */,
				B8956A4E22ACB913002AD552 /* Preview Content */,
			);
			path = "Code Bible";
			sourceTree = "<group>";
		};
		B8956A4E22ACB913002AD552 /* Preview Content */ = {
			isa = PBXGroup;
			children = (
				B8956A4F22ACB913002AD552 /* Preview Assets.xcassets */,
			);
			path = "Preview Content";
			sourceTree = "<group>";
		};
		B8956A5C22ACB913002AD552 /* Code BibleTests */ = {
			isa = PBXGroup;
			children = (
				B8956AF022ACC982002AD552 /* App */,
				B8956AFA22ACCDDA002AD552 /* Supporting Files */,
				B8956A5D22ACB913002AD552 /* Code_BibleTests.swift */,
			);
			path = "Code BibleTests";
			sourceTree = "<group>";
		};
		B8956A6722ACB913002AD552 /* Code BibleUITests */ = {
			isa = PBXGroup;
			children = (
				B8956AFB22ACCDF4002AD552 /* Supporting Files */,
				B8956A6822ACB913002AD552 /* Code_BibleUITests.swift */,
			);
			path = "Code BibleUITests";
			sourceTree = "<group>";
		};
		B8956AB522ACBDBA002AD552 /* Supporting Files */ = {
			isa = PBXGroup;
			children = (
				B8956AB922ACBEC7002AD552 /* Code Bible-Bridging-Header.h */,
				B8956AB622ACBE56002AD552 /* Code Bible.entitlements */,
				B8956AF422ACCB09002AD552 /* Code Bible Dev.entitlements */,
				B8956A4722ACB912002AD552 /* Code_Bible.xcdatamodeld */,
				B8956A5422ACB913002AD552 /* Info.plist */,
				B8956ACE22ACC3EF002AD552 /* Code Bible Dev-Info.plist */,
				B8956B7822AD21C2002AD552 /* InfoPlist.strings */,
				B8956AB722ACBEA5002AD552 /* Settings.bundle */,
			);
			path = "Supporting Files";
			sourceTree = "<group>";
		};
		B8956ACF22ACC711002AD552 /* Config */ = {
			isa = PBXGroup;
			children = (
				B8956A4322ACB912002AD552 /* AppDelegate.swift */,
				B8956A4522ACB912002AD552 /* SceneDelegate.swift */,
				B8956B3622ACD7F5002AD552 /* Constants.swift */,
				B8956B3422ACD7F5002AD552 /* Environments.swift */,
				B8956B3522ACD7F5002AD552 /* Routes.swift */,
				B8956B0422ACD01F002AD552 /* Locales.plist */,
			);
			path = Config;
			sourceTree = "<group>";
		};
		B8956AD022ACC725002AD552 /* App */ = {
			isa = PBXGroup;
			children = (
				B8956AD322ACC760002AD552 /* Assets */,
				B8956B4D22ACDAE5002AD552 /* Models */,
				B8956AD122ACC736002AD552 /* Views */,
				B8956AD222ACC747002AD552 /* Controllers */,
				B8956B3222ACD746002AD552 /* Helpers */,
				B8956AED22ACC898002AD552 /* Validators */,
			);
			path = App;
			sourceTree = "<group>";
		};
		B8956AD122ACC736002AD552 /* Views */ = {
			isa = PBXGroup;
			children = (
				B8956B0922ACD0CC002AD552 /* LaunchScreen.storyboard */,
			);
			path = Views;
			sourceTree = "<group>";
		};
		B8956AD222ACC747002AD552 /* Controllers */ = {
			isa = PBXGroup;
			children = (
				B8956A4A22ACB912002AD552 /* ContentView.swift */,
			);
			path = Controllers;
			sourceTree = "<group>";
		};
		B8956AD322ACC760002AD552 /* Assets */ = {
			isa = PBXGroup;
			children = (
				B8956AD622ACC7CF002AD552 /* Fonts */,
				B8956AD422ACC76A002AD552 /* Images */,
				B8956AE922ACC7EE002AD552 /* Sounds */,
			);
			path = Assets;
			sourceTree = "<group>";
		};
		B8956AD422ACC76A002AD552 /* Images */ = {
			isa = PBXGroup;
			children = (
				B8956A4C22ACB913002AD552 /* Assets.xcassets */,
			);
			path = Images;
			sourceTree = "<group>";
		};
		B8956AD622ACC7CF002AD552 /* Fonts */ = {
			isa = PBXGroup;
			children = (
				B8956AD522ACC7CA002AD552 /* me_quran2.ttf */,
			);
			path = Fonts;
			sourceTree = "<group>";
		};
		B8956AE922ACC7EE002AD552 /* Sounds */ = {
			isa = PBXGroup;
			children = (
				B8956AE122ACC7E6002AD552 /* alhamdulillah-sound.caf */,
				B8956AE422ACC7E6002AD552 /* appear.m4a */,
				B8956AE222ACC7E6002AD552 /* challengerFound.m4a */,
				B8956AD922ACC7E5002AD552 /* correctAnswer.m4a */,
				B8956ADB22ACC7E5002AD552 /* countdown.m4a */,
				B8956AE722ACC7E6002AD552 /* heartbeat.m4a */,
				B8956ADD22ACC7E6002AD552 /* losing.caf */,
				B8956AE522ACC7E6002AD552 /* mashaAllah-sound.caf */,
				B8956AD822ACC7E5002AD552 /* notification.caf */,
				B8956ADF22ACC7E6002AD552 /* questionAppear.m4a */,
				B8956AD722ACC7E5002AD552 /* snooze.caf */,
				B8956ADA22ACC7E5002AD552 /* Swoosh.caf */,
				B8956ADC22ACC7E6002AD552 /* tap.caf */,
				B8956AE822ACC7E6002AD552 /* tap.m4a */,
				B8956AE322ACC7E6002AD552 /* winning.caf */,
				B8956AE622ACC7E6002AD552 /* wordCardFlipSound.caf */,
				B8956ADE22ACC7E6002AD552 /* wrong-answer.caf */,
				B8956AE022ACC7E6002AD552 /* wrongAnswer.m4a */,
			);
			path = Sounds;
			sourceTree = "<group>";
		};
		B8956AED22ACC898002AD552 /* Validators */ = {
			isa = PBXGroup;
			children = (
				B8956B6C22ACE07D002AD552 /* EmailValidator.swift */,
				B8956B6F22ACEA70002AD552 /* NumberValidator.swift */,
			);
			path = Validators;
			sourceTree = "<group>";
		};
		B8956AF022ACC982002AD552 /* App */ = {
			isa = PBXGroup;
			children = (
				B8956AF122ACC989002AD552 /* Validators */,
			);
			path = App;
			sourceTree = "<group>";
		};
		B8956AF122ACC989002AD552 /* Validators */ = {
			isa = PBXGroup;
			children = (
				B8956AEE22ACC966002AD552 /* EmailValidatorTests.swift */,
			);
			path = Validators;
			sourceTree = "<group>";
		};
		B8956AFA22ACCDDA002AD552 /* Supporting Files */ = {
			isa = PBXGroup;
			children = (
				B8956AFC22ACCE54002AD552 /* Code BibleTests-Bridging-Header.h */,
				B8956A5F22ACB913002AD552 /* Info.plist */,
			);
			path = "Supporting Files";
			sourceTree = "<group>";
		};
		B8956AFB22ACCDF4002AD552 /* Supporting Files */ = {
			isa = PBXGroup;
			children = (
				B8956AFD22ACCEC6002AD552 /* Code BibleUITests-Bridging-Header.h */,
				B8956A6A22ACB913002AD552 /* Info.plist */,
			);
			path = "Supporting Files";
			sourceTree = "<group>";
		};
		B8956B0F22ACD1CC002AD552 /* Vendor */ = {
			isa = PBXGroup;
			children = (
				B8956B1022ACD1D7002AD552 /* Plugins */,
			);
			path = Vendor;
			sourceTree = "<group>";
		};
		B8956B1022ACD1D7002AD552 /* Plugins */ = {
			isa = PBXGroup;
			children = (
				B8956B0C22ACD1C3002AD552 /* KPPayment.swift */,
			);
			path = Plugins;
			sourceTree = "<group>";
		};
		B8956B1722ACD2E6002AD552 /* Lib */ = {
			isa = PBXGroup;
			children = (
				B8956B1822ACD2EC002AD552 /* Assets */,
			);
			path = Lib;
			sourceTree = "<group>";
		};
		B8956B1822ACD2EC002AD552 /* Assets */ = {
			isa = PBXGroup;
			children = (
				B8956B1122ACD2D9002AD552 /* beaming.json */,
				B8956B1222ACD2D9002AD552 /* iOS_TakeHomeTest2.csv */,
				B8956B7F22AD24B1002AD552 /* additionaldata.txt */,
				B8956B7C22AD2498002AD552 /* qurandata.txt */,
			);
			path = Assets;
			sourceTree = "<group>";
		};
		B8956B1C22ACD682002AD552 /* DataStore */ = {
			isa = PBXGroup;
			children = (
				B8956B1922ACD67A002AD552 /* CacheDataStore.swift */,
				B8956B1E22ACD6CF002AD552 /* FileManagerDataStore.swift */,
				B8956B1D22ACD6CF002AD552 /* UserDefaultsDataStore.swift */,
			);
			path = DataStore;
			sourceTree = "<group>";
		};
		B8956B3222ACD746002AD552 /* Helpers */ = {
			isa = PBXGroup;
			children = (
				B8956B4322ACD996002AD552 /* APIManager */,
				B8956B3322ACD75D002AD552 /* FileManager */,
				B8956BA322AD2A24002AD552 /* IAPManager */,
				B8956BB922AD2CBC002AD552 /* ImagePickerController */,
				B8956BC022AD4BC5002AD552 /* ScrollingNavigationController */,
				B8B8045F22B11B2400DA4C9E /* Toast */,
				B8956BA722AD2A70002AD552 /* LocationController.swift */,
				B8956BC122AD4C34002AD552 /* SpinnerController.swift */,
				B8956B8222AD2819002AD552 /* CollectionHelper.swift */,
				B8956B8522AD2829002AD552 /* ColorHelper.swift */,
				B8956B6322ACDCAE002AD552 /* DateHelper.swift */,
				B8956BA422AD2A5A002AD552 /* ImageHelper.swift */,
				B8956B6622ACDE0C002AD552 /* IPAddressHelper.swift */,
				B8956BB022AD2C3F002AD552 /* KeyboardHelper.swift */,
				B8956B4422ACDA3F002AD552 /* NumberHelper.swift */,
				B8956BAA22AD2A9E002AD552 /* ScreenBrightnessHelper.swift */,
				B8956B6922ACDE1B002AD552 /* SettingsBundleHelper.swift */,
				B8956BAD22AD2ABB002AD552 /* StringHelper.swift */,
				B8956B9422AD29C4002AD552 /* ViewControllerHelper.swift */,
				B8956B8822AD290E002AD552 /* CustomBarButtonItem.swift */,
				B8956B8B22AD2990002AD552 /* CustomButton.swift */,
				B8956B9122AD29AA002AD552 /* CustomStepper.swift */,
				B8956B9722AD29DC002AD552 /* CustomTextField.swift */,
				B8956B9A22AD29FA002AD552 /* CustomView.swift */,
			);
			path = Helpers;
			sourceTree = "<group>";
		};
		B8956B3322ACD75D002AD552 /* FileManager */ = {
			isa = PBXGroup;
			children = (
				B8956B2422ACD73D002AD552 /* FileManagerDirectories.swift */,
				B8956B2622ACD73D002AD552 /* FileManagerDirectoryNames.swift */,
				B8956B2522ACD73D002AD552 /* FileManagerHelper.swift */,
				B8956B2322ACD73D002AD552 /* FileManagerStatusChecking.swift */,
				B8956B2722ACD73D002AD552 /* FileManagerSystemMetaData.swift */,
			);
			path = FileManager;
			sourceTree = "<group>";
		};
		B8956B4322ACD996002AD552 /* APIManager */ = {
			isa = PBXGroup;
			children = (
				B8956B3E22ACD98E002AD552 /* APIManager.swift */,
				B8956B3D22ACD98E002AD552 /* APIWorker.swift */,
			);
			path = APIManager;
			sourceTree = "<group>";
		};
		B8956B4D22ACDAE5002AD552 /* Models */ = {
			isa = PBXGroup;
			children = (
				B8956B5122ACDBAE002AD552 /* Astro */,
				B8956B6222ACDC13002AD552 /* Petronas */,
				B8956B5822ACDBD6002AD552 /* HelloGold */,
				B8956B4722ACDAE1002AD552 /* Deeplink.swift */,
				B8956B4822ACDAE1002AD552 /* IAPProducts.swift */,
			);
			path = Models;
			sourceTree = "<group>";
		};
		B8956B5122ACDBAE002AD552 /* Astro */ = {
			isa = PBXGroup;
			children = (
				B8956B4E22ACDBAA002AD552 /* Channel.swift */,
			);
			path = Astro;
			sourceTree = "<group>";
		};
		B8956B5822ACDBD6002AD552 /* HelloGold */ = {
			isa = PBXGroup;
			children = (
				B8956B5322ACDBD0002AD552 /* SpotPrice.swift */,
				B8956B5222ACDBD0002AD552 /* User.swift */,
			);
			path = HelloGold;
			sourceTree = "<group>";
		};
		B8956B6222ACDC13002AD552 /* Petronas */ = {
			isa = PBXGroup;
			children = (
				B8956B5A22ACDBF5002AD552 /* Day.swift */,
				B8956B5B22ACDBF5002AD552 /* OpeningTime.swift */,
				B8956B5922ACDBF5002AD552 /* Restaurant.swift */,
			);
			path = Petronas;
			sourceTree = "<group>";
		};
		B8956BA322AD2A24002AD552 /* IAPManager */ = {
			isa = PBXGroup;
			children = (
				B8956B9D22AD2A1E002AD552 /* IAPManager.swift */,
				B8956B9E22AD2A1E002AD552 /* IAPWorker.swift */,
			);
			path = IAPManager;
			sourceTree = "<group>";
		};
		B8956BB922AD2CBC002AD552 /* ImagePickerController */ = {
			isa = PBXGroup;
			children = (
				B8956BB322AD2CB6002AD552 /* CustomPhotoAlbum.swift */,
				B8956BB422AD2CB6002AD552 /* ImagePickerController.swift */,
			);
			path = ImagePickerController;
			sourceTree = "<group>";
		};
		B8956BC022AD4BC5002AD552 /* ScrollingNavigationController */ = {
			isa = PBXGroup;
			children = (
				B8956BBA22AD4BBB002AD552 /* ScrollingNavigationController.swift */,
				B8956BBB22AD4BBB002AD552 /* ScrollingNavbar+Sizes.swift */,
			);
			path = ScrollingNavigationController;
			sourceTree = "<group>";
		};
		B8B8045F22B11B2400DA4C9E /* Toast */ = {
			isa = PBXGroup;
			children = (
				B8B8046022B11BD800DA4C9E /* ToastHelper.swift */,
				B8B8046322B11BE100DA4C9E /* ToastViewController.swift */,
				B8B8046622B11C3C00DA4C9E /* ToastView.xib */,
			);
			path = Toast;
			sourceTree = "<group>";
		};
/* End PBXGroup section */

/* Begin PBXNativeTarget section */
		B8956A3F22ACB912002AD552 /* Code Bible */ = {
			isa = PBXNativeTarget;
			buildConfigurationList = B8956A6D22ACB913002AD552 /* Build configuration list for PBXNativeTarget "Code Bible" */;
			buildPhases = (
				B0C53265516A2DE629A410E3 /* [CP] Check Pods Manifest.lock */,
				B8956A3C22ACB912002AD552 /* Sources */,
				B8956A3D22ACB912002AD552 /* Frameworks */,
				B8956A3E22ACB912002AD552 /* Resources */,
				D9D2B29AE0E440FD6B58333D /* [CP] Embed Pods Frameworks */,
			);
			buildRules = (
			);
			dependencies = (
			);
			name = "Code Bible";
			productName = CodeBible;
			productReference = B8956A4022ACB912002AD552 /* Code Bible.app */;
			productType = "com.apple.product-type.application";
		};
		B8956A5822ACB913002AD552 /* Code BibleTests */ = {
			isa = PBXNativeTarget;
			buildConfigurationList = B8956A7022ACB913002AD552 /* Build configuration list for PBXNativeTarget "Code BibleTests" */;
			buildPhases = (
				D1CA65EF85C244046DF17C81 /* [CP] Check Pods Manifest.lock */,
				B8956A5522ACB913002AD552 /* Sources */,
				B8956A5622ACB913002AD552 /* Frameworks */,
				B8956A5722ACB913002AD552 /* Resources */,
				CADA23CEFE46AD57717BF329 /* [CP] Embed Pods Frameworks */,
			);
			buildRules = (
			);
			dependencies = (
				B8956A5B22ACB913002AD552 /* PBXTargetDependency */,
				B8956AF722ACCD59002AD552 /* PBXTargetDependency */,
			);
			name = "Code BibleTests";
			productName = CodeBibleTests;
			productReference = B8956A5922ACB913002AD552 /* Code BibleTests.xctest */;
			productType = "com.apple.product-type.bundle.unit-test";
		};
		B8956A6322ACB913002AD552 /* Code BibleUITests */ = {
			isa = PBXNativeTarget;
			buildConfigurationList = B8956A7322ACB913002AD552 /* Build configuration list for PBXNativeTarget "Code BibleUITests" */;
			buildPhases = (
				CCF16BB07CB21CE1F57506B1 /* [CP] Check Pods Manifest.lock */,
				B8956A6022ACB913002AD552 /* Sources */,
				B8956A6122ACB913002AD552 /* Frameworks */,
				B8956A6222ACB913002AD552 /* Resources */,
			);
			buildRules = (
			);
			dependencies = (
				B8956A6622ACB913002AD552 /* PBXTargetDependency */,
				B8956AF922ACCD64002AD552 /* PBXTargetDependency */,
			);
			name = "Code BibleUITests";
			productName = CodeBibleUITests;
			productReference = B8956A6422ACB913002AD552 /* Code BibleUITests.xctest */;
			productType = "com.apple.product-type.bundle.ui-testing";
		};
		B8956ABD22ACC386002AD552 /* Code Bible Dev */ = {
			isa = PBXNativeTarget;
			buildConfigurationList = B8956AC922ACC386002AD552 /* Build configuration list for PBXNativeTarget "Code Bible Dev" */;
			buildPhases = (
				410825C84B1C9EFD59E31EBA /* [CP] Check Pods Manifest.lock */,
				B8956ABE22ACC386002AD552 /* Sources */,
				B8956AC322ACC386002AD552 /* Frameworks */,
				B8956AC422ACC386002AD552 /* Resources */,
				94C2DE4028BE7F7D82195BC3 /* [CP] Embed Pods Frameworks */,
			);
			buildRules = (
			);
			dependencies = (
			);
			name = "Code Bible Dev";
			productName = CodeBible;
			productReference = B8956ACC22ACC386002AD552 /* Code Bible Dev.app */;
			productType = "com.apple.product-type.application";
		};
/* End PBXNativeTarget section */

/* Begin PBXProject section */
		B8956A3822ACB912002AD552 /* Project object */ = {
			isa = PBXProject;
			attributes = {
				LastSwiftUpdateCheck = 1100;
				LastUpgradeCheck = 1100;
				ORGANIZATIONNAME = "Zaid M. Said";
				TargetAttributes = {
					B8956A3F22ACB912002AD552 = {
						CreatedOnToolsVersion = 11.0;
					};
					B8956A5822ACB913002AD552 = {
						CreatedOnToolsVersion = 11.0;
						TestTargetID = B8956A3F22ACB912002AD552;
					};
					B8956A6322ACB913002AD552 = {
						CreatedOnToolsVersion = 11.0;
						TestTargetID = B8956A3F22ACB912002AD552;
					};
				};
			};
			buildConfigurationList = B8956A3B22ACB912002AD552 /* Build configuration list for PBXProject "Code Bible" */;
			compatibilityVersion = "Xcode 9.3";
			developmentRegion = en;
			hasScannedForEncodings = 0;
			knownRegions = (
				en,
				Base,
				ms,
				ar,
				zh,
			);
			mainGroup = B8956A3722ACB912002AD552;
			productRefGroup = B8956A4122ACB912002AD552 /* Products */;
			projectDirPath = "";
			projectRoot = "";
			targets = (
				B8956A3F22ACB912002AD552 /* Code Bible */,
				B8956ABD22ACC386002AD552 /* Code Bible Dev */,
				B8956A5822ACB913002AD552 /* Code BibleTests */,
				B8956A6322ACB913002AD552 /* Code BibleUITests */,
			);
		};
/* End PBXProject section */

/* Begin PBXResourcesBuildPhase section */
		B8956A3E22ACB912002AD552 /* Resources */ = {
			isa = PBXResourcesBuildPhase;
			buildActionMask = 2147483647;
			files = (
				B8956B7D22AD2498002AD552 /* qurandata.txt in Resources */,
				B8956AB822ACBEA5002AD552 /* Settings.bundle in Resources */,
				B8956B7522AD21C2002AD552 /* InfoPlist.strings in Resources */,
				B8956B1322ACD2D9002AD552 /* beaming.json in Resources */,
				B8956A5022ACB913002AD552 /* Preview Assets.xcassets in Resources */,
				B8956B0122ACD01F002AD552 /* Locales.plist in Resources */,
				B8B8046722B11C3C00DA4C9E /* ToastView.xib in Resources */,
				B8956B0A22ACD0CC002AD552 /* LaunchScreen.storyboard in Resources */,
				B8956B8022AD24B1002AD552 /* additionaldata.txt in Resources */,
				B8956A4D22ACB913002AD552 /* Assets.xcassets in Resources */,
				B8956B1522ACD2D9002AD552 /* iOS_TakeHomeTest2.csv in Resources */,
			);
			runOnlyForDeploymentPostprocessing = 0;
		};
		B8956A5722ACB913002AD552 /* Resources */ = {
			isa = PBXResourcesBuildPhase;
			buildActionMask = 2147483647;
			files = (
			);
			runOnlyForDeploymentPostprocessing = 0;
		};
		B8956A6222ACB913002AD552 /* Resources */ = {
			isa = PBXResourcesBuildPhase;
			buildActionMask = 2147483647;
			files = (
			);
			runOnlyForDeploymentPostprocessing = 0;
		};
		B8956AC422ACC386002AD552 /* Resources */ = {
			isa = PBXResourcesBuildPhase;
			buildActionMask = 2147483647;
			files = (
				B8956B7E22AD2498002AD552 /* qurandata.txt in Resources */,
				B8956AC522ACC386002AD552 /* Settings.bundle in Resources */,
				B8956B7622AD21C2002AD552 /* InfoPlist.strings in Resources */,
				B8956B1422ACD2D9002AD552 /* beaming.json in Resources */,
				B8956AC722ACC386002AD552 /* Preview Assets.xcassets in Resources */,
				B8956B0222ACD01F002AD552 /* Locales.plist in Resources */,
				B8B8046822B11C3C00DA4C9E /* ToastView.xib in Resources */,
				B8956B0B22ACD0CC002AD552 /* LaunchScreen.storyboard in Resources */,
				B8956B8122AD24B1002AD552 /* additionaldata.txt in Resources */,
				B8956AC822ACC386002AD552 /* Assets.xcassets in Resources */,
				B8956B1622ACD2D9002AD552 /* iOS_TakeHomeTest2.csv in Resources */,
			);
			runOnlyForDeploymentPostprocessing = 0;
		};
/* End PBXResourcesBuildPhase section */

/* Begin PBXShellScriptBuildPhase section */
		410825C84B1C9EFD59E31EBA /* [CP] Check Pods Manifest.lock */ = {
			isa = PBXShellScriptBuildPhase;
			buildActionMask = 2147483647;
			files = (
			);
			inputFileListPaths = (
			);
			inputPaths = (
				"${PODS_PODFILE_DIR_PATH}/Podfile.lock",
				"${PODS_ROOT}/Manifest.lock",
			);
			name = "[CP] Check Pods Manifest.lock";
			outputFileListPaths = (
			);
			outputPaths = (
				"$(DERIVED_FILE_DIR)/Pods-Code Bible Dev-checkManifestLockResult.txt",
			);
			runOnlyForDeploymentPostprocessing = 0;
			shellPath = /bin/sh;
			shellScript = "diff \"${PODS_PODFILE_DIR_PATH}/Podfile.lock\" \"${PODS_ROOT}/Manifest.lock\" > /dev/null\nif [ $? != 0 ] ; then\n    # print error to STDERR\n    echo \"error: The sandbox is not in sync with the Podfile.lock. Run 'pod install' or update your CocoaPods installation.\" >&2\n    exit 1\nfi\n# This output is used by Xcode 'outputs' to avoid re-running this script phase.\necho \"SUCCESS\" > \"${SCRIPT_OUTPUT_FILE_0}\"\n";
			showEnvVarsInLog = 0;
		};
		94C2DE4028BE7F7D82195BC3 /* [CP] Embed Pods Frameworks */ = {
			isa = PBXShellScriptBuildPhase;
			buildActionMask = 2147483647;
			files = (
			);
			inputFileListPaths = (
			);
			inputPaths = (
				"${SRCROOT}/Pods/Target Support Files/Pods-Code Bible Dev/Pods-Code Bible Dev-frameworks.sh",
				"${BUILT_PRODUCTS_DIR}/ColiseuPlayer/ColiseuPlayer.framework",
				"${BUILT_PRODUCTS_DIR}/CryptoSwift/CryptoSwift.framework",
				"${BUILT_PRODUCTS_DIR}/lottie-ios/Lottie.framework",
			);
			name = "[CP] Embed Pods Frameworks";
			outputFileListPaths = (
			);
			outputPaths = (
				"${TARGET_BUILD_DIR}/${FRAMEWORKS_FOLDER_PATH}/ColiseuPlayer.framework",
				"${TARGET_BUILD_DIR}/${FRAMEWORKS_FOLDER_PATH}/CryptoSwift.framework",
				"${TARGET_BUILD_DIR}/${FRAMEWORKS_FOLDER_PATH}/Lottie.framework",
			);
			runOnlyForDeploymentPostprocessing = 0;
			shellPath = /bin/sh;
			shellScript = "\"${SRCROOT}/Pods/Target Support Files/Pods-Code Bible Dev/Pods-Code Bible Dev-frameworks.sh\"\n";
			showEnvVarsInLog = 0;
		};
		B0C53265516A2DE629A410E3 /* [CP] Check Pods Manifest.lock */ = {
			isa = PBXShellScriptBuildPhase;
			buildActionMask = 2147483647;
			files = (
			);
			inputFileListPaths = (
			);
			inputPaths = (
				"${PODS_PODFILE_DIR_PATH}/Podfile.lock",
				"${PODS_ROOT}/Manifest.lock",
			);
			name = "[CP] Check Pods Manifest.lock";
			outputFileListPaths = (
			);
			outputPaths = (
				"$(DERIVED_FILE_DIR)/Pods-Code Bible-checkManifestLockResult.txt",
			);
			runOnlyForDeploymentPostprocessing = 0;
			shellPath = /bin/sh;
			shellScript = "diff \"${PODS_PODFILE_DIR_PATH}/Podfile.lock\" \"${PODS_ROOT}/Manifest.lock\" > /dev/null\nif [ $? != 0 ] ; then\n    # print error to STDERR\n    echo \"error: The sandbox is not in sync with the Podfile.lock. Run 'pod install' or update your CocoaPods installation.\" >&2\n    exit 1\nfi\n# This output is used by Xcode 'outputs' to avoid re-running this script phase.\necho \"SUCCESS\" > \"${SCRIPT_OUTPUT_FILE_0}\"\n";
			showEnvVarsInLog = 0;
		};
		CADA23CEFE46AD57717BF329 /* [CP] Embed Pods Frameworks */ = {
			isa = PBXShellScriptBuildPhase;
			buildActionMask = 2147483647;
			files = (
			);
			inputFileListPaths = (
			);
			inputPaths = (
				"${SRCROOT}/Pods/Target Support Files/Pods-Code BibleTests/Pods-Code BibleTests-frameworks.sh",
				"${BUILT_PRODUCTS_DIR}/Mockingjay/Mockingjay.framework",
				"${BUILT_PRODUCTS_DIR}/Nimble/Nimble.framework",
				"${BUILT_PRODUCTS_DIR}/Quick/Quick.framework",
				"${BUILT_PRODUCTS_DIR}/URITemplate/URITemplate.framework",
			);
			name = "[CP] Embed Pods Frameworks";
			outputFileListPaths = (
			);
			outputPaths = (
				"${TARGET_BUILD_DIR}/${FRAMEWORKS_FOLDER_PATH}/Mockingjay.framework",
				"${TARGET_BUILD_DIR}/${FRAMEWORKS_FOLDER_PATH}/Nimble.framework",
				"${TARGET_BUILD_DIR}/${FRAMEWORKS_FOLDER_PATH}/Quick.framework",
				"${TARGET_BUILD_DIR}/${FRAMEWORKS_FOLDER_PATH}/URITemplate.framework",
			);
			runOnlyForDeploymentPostprocessing = 0;
			shellPath = /bin/sh;
			shellScript = "\"${SRCROOT}/Pods/Target Support Files/Pods-Code BibleTests/Pods-Code BibleTests-frameworks.sh\"\n";
			showEnvVarsInLog = 0;
		};
		CCF16BB07CB21CE1F57506B1 /* [CP] Check Pods Manifest.lock */ = {
			isa = PBXShellScriptBuildPhase;
			buildActionMask = 2147483647;
			files = (
			);
			inputFileListPaths = (
			);
			inputPaths = (
				"${PODS_PODFILE_DIR_PATH}/Podfile.lock",
				"${PODS_ROOT}/Manifest.lock",
			);
			name = "[CP] Check Pods Manifest.lock";
			outputFileListPaths = (
			);
			outputPaths = (
				"$(DERIVED_FILE_DIR)/Pods-Code BibleUITests-checkManifestLockResult.txt",
			);
			runOnlyForDeploymentPostprocessing = 0;
			shellPath = /bin/sh;
			shellScript = "diff \"${PODS_PODFILE_DIR_PATH}/Podfile.lock\" \"${PODS_ROOT}/Manifest.lock\" > /dev/null\nif [ $? != 0 ] ; then\n    # print error to STDERR\n    echo \"error: The sandbox is not in sync with the Podfile.lock. Run 'pod install' or update your CocoaPods installation.\" >&2\n    exit 1\nfi\n# This output is used by Xcode 'outputs' to avoid re-running this script phase.\necho \"SUCCESS\" > \"${SCRIPT_OUTPUT_FILE_0}\"\n";
			showEnvVarsInLog = 0;
		};
		D1CA65EF85C244046DF17C81 /* [CP] Check Pods Manifest.lock */ = {
			isa = PBXShellScriptBuildPhase;
			buildActionMask = 2147483647;
			files = (
			);
			inputFileListPaths = (
			);
			inputPaths = (
				"${PODS_PODFILE_DIR_PATH}/Podfile.lock",
				"${PODS_ROOT}/Manifest.lock",
			);
			name = "[CP] Check Pods Manifest.lock";
			outputFileListPaths = (
			);
			outputPaths = (
				"$(DERIVED_FILE_DIR)/Pods-Code BibleTests-checkManifestLockResult.txt",
			);
			runOnlyForDeploymentPostprocessing = 0;
			shellPath = /bin/sh;
			shellScript = "diff \"${PODS_PODFILE_DIR_PATH}/Podfile.lock\" \"${PODS_ROOT}/Manifest.lock\" > /dev/null\nif [ $? != 0 ] ; then\n    # print error to STDERR\n    echo \"error: The sandbox is not in sync with the Podfile.lock. Run 'pod install' or update your CocoaPods installation.\" >&2\n    exit 1\nfi\n# This output is used by Xcode 'outputs' to avoid re-running this script phase.\necho \"SUCCESS\" > \"${SCRIPT_OUTPUT_FILE_0}\"\n";
			showEnvVarsInLog = 0;
		};
		D9D2B29AE0E440FD6B58333D /* [CP] Embed Pods Frameworks */ = {
			isa = PBXShellScriptBuildPhase;
			buildActionMask = 2147483647;
			files = (
			);
			inputFileListPaths = (
			);
			inputPaths = (
				"${SRCROOT}/Pods/Target Support Files/Pods-Code Bible/Pods-Code Bible-frameworks.sh",
				"${BUILT_PRODUCTS_DIR}/ColiseuPlayer/ColiseuPlayer.framework",
				"${BUILT_PRODUCTS_DIR}/CryptoSwift/CryptoSwift.framework",
				"${BUILT_PRODUCTS_DIR}/lottie-ios/Lottie.framework",
			);
			name = "[CP] Embed Pods Frameworks";
			outputFileListPaths = (
			);
			outputPaths = (
				"${TARGET_BUILD_DIR}/${FRAMEWORKS_FOLDER_PATH}/ColiseuPlayer.framework",
				"${TARGET_BUILD_DIR}/${FRAMEWORKS_FOLDER_PATH}/CryptoSwift.framework",
				"${TARGET_BUILD_DIR}/${FRAMEWORKS_FOLDER_PATH}/Lottie.framework",
			);
			runOnlyForDeploymentPostprocessing = 0;
			shellPath = /bin/sh;
			shellScript = "\"${SRCROOT}/Pods/Target Support Files/Pods-Code Bible/Pods-Code Bible-frameworks.sh\"\n";
			showEnvVarsInLog = 0;
		};
/* End PBXShellScriptBuildPhase section */

/* Begin PBXSourcesBuildPhase section */
		B8956A3C22ACB912002AD552 /* Sources */ = {
			isa = PBXSourcesBuildPhase;
			buildActionMask = 2147483647;
			files = (
				B8956BB122AD2C3F002AD552 /* KeyboardHelper.swift in Sources */,
				B8B8046122B11BD800DA4C9E /* ToastHelper.swift in Sources */,
				B8956B9F22AD2A1E002AD552 /* IAPManager.swift in Sources */,
				B8956B5C22ACDBF5002AD552 /* Restaurant.swift in Sources */,
				B8956BAB22AD2A9E002AD552 /* ScreenBrightnessHelper.swift in Sources */,
				B8956BAE22AD2ABC002AD552 /* StringHelper.swift in Sources */,
				B8956B4122ACD98E002AD552 /* APIManager.swift in Sources */,
				B8956B6422ACDCAE002AD552 /* DateHelper.swift in Sources */,
				B8956BB722AD2CB7002AD552 /* ImagePickerController.swift in Sources */,
				B8956B9B22AD29FB002AD552 /* CustomView.swift in Sources */,
				B8956B9822AD29DC002AD552 /* CustomTextField.swift in Sources */,
				B8956B4922ACDAE1002AD552 /* Deeplink.swift in Sources */,
				B8956B3B22ACD7F5002AD552 /* Constants.swift in Sources */,
				B8956B5E22ACDBF5002AD552 /* Day.swift in Sources */,
				B8956B5622ACDBD0002AD552 /* SpotPrice.swift in Sources */,
				B8956B9222AD29AA002AD552 /* CustomStepper.swift in Sources */,
				B8956B0D22ACD1C3002AD552 /* KPPayment.swift in Sources */,
				B8956B1A22ACD67A002AD552 /* CacheDataStore.swift in Sources */,
				B8956BBE22AD4BBB002AD552 /* ScrollingNavbar+Sizes.swift in Sources */,
				B8956BC222AD4C34002AD552 /* SpinnerController.swift in Sources */,
				B8956B8622AD2829002AD552 /* ColorHelper.swift in Sources */,
				B8956B3F22ACD98E002AD552 /* APIWorker.swift in Sources */,
				B8956B3722ACD7F5002AD552 /* Environments.swift in Sources */,
				B8956B6022ACDBF5002AD552 /* OpeningTime.swift in Sources */,
				B8956B2E22ACD73D002AD552 /* FileManagerDirectoryNames.swift in Sources */,
				B8956B8922AD290E002AD552 /* CustomBarButtonItem.swift in Sources */,
				B8956A4422ACB912002AD552 /* AppDelegate.swift in Sources */,
				B8956B1F22ACD6CF002AD552 /* UserDefaultsDataStore.swift in Sources */,
				B8956BA122AD2A1E002AD552 /* IAPWorker.swift in Sources */,
				B8956B2C22ACD73D002AD552 /* FileManagerHelper.swift in Sources */,
				B8956B6722ACDE0C002AD552 /* IPAddressHelper.swift in Sources */,
				B8956B7022ACEA70002AD552 /* NumberValidator.swift in Sources */,
				B8956B8C22AD2990002AD552 /* CustomButton.swift in Sources */,
				B8956BBC22AD4BBB002AD552 /* ScrollingNavigationController.swift in Sources */,
				B8956B9522AD29C4002AD552 /* ViewControllerHelper.swift in Sources */,
				B8956B8322AD2819002AD552 /* CollectionHelper.swift in Sources */,
				B8956A4922ACB912002AD552 /* Code_Bible.xcdatamodeld in Sources */,
				B8956B3922ACD7F5002AD552 /* Routes.swift in Sources */,
				B8956B2122ACD6CF002AD552 /* FileManagerDataStore.swift in Sources */,
				B8B8046422B11BE100DA4C9E /* ToastViewController.swift in Sources */,
				B8956B3022ACD73D002AD552 /* FileManagerSystemMetaData.swift in Sources */,
				B8956A4B22ACB912002AD552 /* ContentView.swift in Sources */,
				B8956B2A22ACD73D002AD552 /* FileManagerDirectories.swift in Sources */,
				B8956A4622ACB912002AD552 /* SceneDelegate.swift in Sources */,
				B8956B4F22ACDBAA002AD552 /* Channel.swift in Sources */,
				B8956B5422ACDBD0002AD552 /* User.swift in Sources */,
				B8956B4522ACDA3F002AD552 /* NumberHelper.swift in Sources */,
				B8956B6A22ACDE1B002AD552 /* SettingsBundleHelper.swift in Sources */,
				B8956B6D22ACE07D002AD552 /* EmailValidator.swift in Sources */,
				B8956B4B22ACDAE1002AD552 /* IAPProducts.swift in Sources */,
				B8956B2822ACD73D002AD552 /* FileManagerStatusChecking.swift in Sources */,
				B8956BA822AD2A70002AD552 /* LocationController.swift in Sources */,
				B8956BB522AD2CB7002AD552 /* CustomPhotoAlbum.swift in Sources */,
				B8956BA522AD2A5A002AD552 /* ImageHelper.swift in Sources */,
			);
			runOnlyForDeploymentPostprocessing = 0;
		};
		B8956A5522ACB913002AD552 /* Sources */ = {
			isa = PBXSourcesBuildPhase;
			buildActionMask = 2147483647;
			files = (
				B8956AEF22ACC966002AD552 /* EmailValidatorTests.swift in Sources */,
				B8956A5E22ACB913002AD552 /* Code_BibleTests.swift in Sources */,
			);
			runOnlyForDeploymentPostprocessing = 0;
		};
		B8956A6022ACB913002AD552 /* Sources */ = {
			isa = PBXSourcesBuildPhase;
			buildActionMask = 2147483647;
			files = (
				B8956A6922ACB913002AD552 /* Code_BibleUITests.swift in Sources */,
			);
			runOnlyForDeploymentPostprocessing = 0;
		};
		B8956ABE22ACC386002AD552 /* Sources */ = {
			isa = PBXSourcesBuildPhase;
			buildActionMask = 2147483647;
			files = (
				B8956BB222AD2C3F002AD552 /* KeyboardHelper.swift in Sources */,
				B8B8046222B11BD800DA4C9E /* ToastHelper.swift in Sources */,
				B8956BA022AD2A1E002AD552 /* IAPManager.swift in Sources */,
				B8956B5D22ACDBF5002AD552 /* Restaurant.swift in Sources */,
				B8956BAC22AD2A9E002AD552 /* ScreenBrightnessHelper.swift in Sources */,
				B8956BAF22AD2ABC002AD552 /* StringHelper.swift in Sources */,
				B8956B4222ACD98E002AD552 /* APIManager.swift in Sources */,
				B8956B6522ACDCAE002AD552 /* DateHelper.swift in Sources */,
				B8956BB822AD2CB7002AD552 /* ImagePickerController.swift in Sources */,
				B8956B9C22AD29FB002AD552 /* CustomView.swift in Sources */,
				B8956B9922AD29DC002AD552 /* CustomTextField.swift in Sources */,
				B8956B4A22ACDAE1002AD552 /* Deeplink.swift in Sources */,
				B8956B3C22ACD7F5002AD552 /* Constants.swift in Sources */,
				B8956B5F22ACDBF5002AD552 /* Day.swift in Sources */,
				B8956B5722ACDBD0002AD552 /* SpotPrice.swift in Sources */,
				B8956B9322AD29AA002AD552 /* CustomStepper.swift in Sources */,
				B8956B0E22ACD1C3002AD552 /* KPPayment.swift in Sources */,
				B8956B1B22ACD67A002AD552 /* CacheDataStore.swift in Sources */,
				B8956BBF22AD4BBB002AD552 /* ScrollingNavbar+Sizes.swift in Sources */,
				B8956BC322AD4C34002AD552 /* SpinnerController.swift in Sources */,
				B8956B8722AD2829002AD552 /* ColorHelper.swift in Sources */,
				B8956B4022ACD98E002AD552 /* APIWorker.swift in Sources */,
				B8956B3822ACD7F5002AD552 /* Environments.swift in Sources */,
				B8956B6122ACDBF5002AD552 /* OpeningTime.swift in Sources */,
				B8956B2F22ACD73D002AD552 /* FileManagerDirectoryNames.swift in Sources */,
				B8956B8A22AD290E002AD552 /* CustomBarButtonItem.swift in Sources */,
				B8956ABF22ACC386002AD552 /* AppDelegate.swift in Sources */,
				B8956B2022ACD6CF002AD552 /* UserDefaultsDataStore.swift in Sources */,
				B8956BA222AD2A1E002AD552 /* IAPWorker.swift in Sources */,
				B8956B2D22ACD73D002AD552 /* FileManagerHelper.swift in Sources */,
				B8956B6822ACDE0C002AD552 /* IPAddressHelper.swift in Sources */,
				B8956B7122ACEA70002AD552 /* NumberValidator.swift in Sources */,
				B8956B8D22AD2990002AD552 /* CustomButton.swift in Sources */,
				B8956BBD22AD4BBB002AD552 /* ScrollingNavigationController.swift in Sources */,
				B8956B9622AD29C4002AD552 /* ViewControllerHelper.swift in Sources */,
				B8956B8422AD2819002AD552 /* CollectionHelper.swift in Sources */,
				B8956AC022ACC386002AD552 /* Code_Bible.xcdatamodeld in Sources */,
				B8956B3A22ACD7F5002AD552 /* Routes.swift in Sources */,
				B8956B2222ACD6CF002AD552 /* FileManagerDataStore.swift in Sources */,
				B8B8046522B11BE100DA4C9E /* ToastViewController.swift in Sources */,
				B8956B3122ACD73D002AD552 /* FileManagerSystemMetaData.swift in Sources */,
				B8956AC122ACC386002AD552 /* ContentView.swift in Sources */,
				B8956B2B22ACD73D002AD552 /* FileManagerDirectories.swift in Sources */,
				B8956AC222ACC386002AD552 /* SceneDelegate.swift in Sources */,
				B8956B5022ACDBAA002AD552 /* Channel.swift in Sources */,
				B8956B5522ACDBD0002AD552 /* User.swift in Sources */,
				B8956B4622ACDA3F002AD552 /* NumberHelper.swift in Sources */,
				B8956B6B22ACDE1B002AD552 /* SettingsBundleHelper.swift in Sources */,
				B8956B6E22ACE07D002AD552 /* EmailValidator.swift in Sources */,
				B8956B4C22ACDAE1002AD552 /* IAPProducts.swift in Sources */,
				B8956B2922ACD73D002AD552 /* FileManagerStatusChecking.swift in Sources */,
				B8956BA922AD2A70002AD552 /* LocationController.swift in Sources */,
				B8956BB622AD2CB7002AD552 /* CustomPhotoAlbum.swift in Sources */,
				B8956BA622AD2A5A002AD552 /* ImageHelper.swift in Sources */,
			);
			runOnlyForDeploymentPostprocessing = 0;
		};
/* End PBXSourcesBuildPhase section */

/* Begin PBXTargetDependency section */
		B8956A5B22ACB913002AD552 /* PBXTargetDependency */ = {
			isa = PBXTargetDependency;
			target = B8956A3F22ACB912002AD552 /* Code Bible */;
			targetProxy = B8956A5A22ACB913002AD552 /* PBXContainerItemProxy */;
		};
		B8956A6622ACB913002AD552 /* PBXTargetDependency */ = {
			isa = PBXTargetDependency;
			target = B8956A3F22ACB912002AD552 /* Code Bible */;
			targetProxy = B8956A6522ACB913002AD552 /* PBXContainerItemProxy */;
		};
		B8956AF722ACCD59002AD552 /* PBXTargetDependency */ = {
			isa = PBXTargetDependency;
			target = B8956ABD22ACC386002AD552 /* Code Bible Dev */;
			targetProxy = B8956AF622ACCD59002AD552 /* PBXContainerItemProxy */;
		};
		B8956AF922ACCD64002AD552 /* PBXTargetDependency */ = {
			isa = PBXTargetDependency;
			target = B8956ABD22ACC386002AD552 /* Code Bible Dev */;
			targetProxy = B8956AF822ACCD64002AD552 /* PBXContainerItemProxy */;
		};
/* End PBXTargetDependency section */

/* Begin PBXVariantGroup section */
		B8956B0422ACD01F002AD552 /* Locales.plist */ = {
			isa = PBXVariantGroup;
			children = (
				B8956B0322ACD01F002AD552 /* Base */,
				B8956B0522ACD028002AD552 /* ar */,
				B8956B0622ACD029002AD552 /* zh */,
				B8956B0722ACD02A002AD552 /* ms */,
			);
			name = Locales.plist;
			sourceTree = "<group>";
		};
		B8956B7822AD21C2002AD552 /* InfoPlist.strings */ = {
			isa = PBXVariantGroup;
			children = (
				B8956B7722AD21C2002AD552 /* en */,
				B8956B7922AD21CB002AD552 /* ar */,
				B8956B7A22AD21CC002AD552 /* zh */,
				B8956B7B22AD21CE002AD552 /* ms */,
			);
			name = InfoPlist.strings;
			sourceTree = "<group>";
		};
/* End PBXVariantGroup section */

/* Begin XCBuildConfiguration section */
		B8956A6B22ACB913002AD552 /* Debug */ = {
			isa = XCBuildConfiguration;
			buildSettings = {
				ALWAYS_SEARCH_USER_PATHS = NO;
				CLANG_ANALYZER_LOCALIZABILITY_NONLOCALIZED = YES;
				CLANG_ANALYZER_NONNULL = YES;
				CLANG_ANALYZER_NUMBER_OBJECT_CONVERSION = YES_AGGRESSIVE;
				CLANG_CXX_LANGUAGE_STANDARD = "gnu++14";
				CLANG_CXX_LIBRARY = "libc++";
				CLANG_ENABLE_MODULES = YES;
				CLANG_ENABLE_OBJC_ARC = YES;
				CLANG_ENABLE_OBJC_WEAK = YES;
				CLANG_WARN_BLOCK_CAPTURE_AUTORELEASING = YES;
				CLANG_WARN_BOOL_CONVERSION = YES;
				CLANG_WARN_COMMA = YES;
				CLANG_WARN_CONSTANT_CONVERSION = YES;
				CLANG_WARN_DEPRECATED_OBJC_IMPLEMENTATIONS = YES;
				CLANG_WARN_DIRECT_OBJC_ISA_USAGE = YES_ERROR;
				CLANG_WARN_DOCUMENTATION_COMMENTS = YES;
				CLANG_WARN_EMPTY_BODY = YES;
				CLANG_WARN_ENUM_CONVERSION = YES;
				CLANG_WARN_INFINITE_RECURSION = YES;
				CLANG_WARN_INT_CONVERSION = YES;
				CLANG_WARN_NON_LITERAL_NULL_CONVERSION = YES;
				CLANG_WARN_OBJC_IMPLICIT_RETAIN_SELF = YES;
				CLANG_WARN_OBJC_LITERAL_CONVERSION = YES;
				CLANG_WARN_OBJC_ROOT_CLASS = YES_ERROR;
				CLANG_WARN_RANGE_LOOP_ANALYSIS = YES;
				CLANG_WARN_STRICT_PROTOTYPES = YES;
				CLANG_WARN_SUSPICIOUS_MOVE = YES;
				CLANG_WARN_UNGUARDED_AVAILABILITY = YES_AGGRESSIVE;
				CLANG_WARN_UNREACHABLE_CODE = YES;
				CLANG_WARN__DUPLICATE_METHOD_MATCH = YES;
				COPY_PHASE_STRIP = NO;
				DEBUG_INFORMATION_FORMAT = dwarf;
				ENABLE_STRICT_OBJC_MSGSEND = YES;
				ENABLE_TESTABILITY = YES;
				GCC_C_LANGUAGE_STANDARD = gnu11;
				GCC_DYNAMIC_NO_PIC = NO;
				GCC_NO_COMMON_BLOCKS = YES;
				GCC_OPTIMIZATION_LEVEL = 0;
				GCC_PREPROCESSOR_DEFINITIONS = (
					"DEBUG=1",
					"$(inherited)",
				);
				GCC_WARN_64_TO_32_BIT_CONVERSION = YES;
				GCC_WARN_ABOUT_RETURN_TYPE = YES_ERROR;
				GCC_WARN_UNDECLARED_SELECTOR = YES;
				GCC_WARN_UNINITIALIZED_AUTOS = YES_AGGRESSIVE;
				GCC_WARN_UNUSED_FUNCTION = YES;
				GCC_WARN_UNUSED_VARIABLE = YES;
				IPHONEOS_DEPLOYMENT_TARGET = 13.0;
				MTL_ENABLE_DEBUG_INFO = INCLUDE_SOURCE;
				MTL_FAST_MATH = YES;
				ONLY_ACTIVE_ARCH = YES;
				SDKROOT = iphoneos;
				SWIFT_ACTIVE_COMPILATION_CONDITIONS = DEBUG;
				SWIFT_OPTIMIZATION_LEVEL = "-Onone";
			};
			name = Debug;
		};
		B8956A6C22ACB913002AD552 /* Release */ = {
			isa = XCBuildConfiguration;
			buildSettings = {
				ALWAYS_SEARCH_USER_PATHS = NO;
				CLANG_ANALYZER_LOCALIZABILITY_NONLOCALIZED = YES;
				CLANG_ANALYZER_NONNULL = YES;
				CLANG_ANALYZER_NUMBER_OBJECT_CONVERSION = YES_AGGRESSIVE;
				CLANG_CXX_LANGUAGE_STANDARD = "gnu++14";
				CLANG_CXX_LIBRARY = "libc++";
				CLANG_ENABLE_MODULES = YES;
				CLANG_ENABLE_OBJC_ARC = YES;
				CLANG_ENABLE_OBJC_WEAK = YES;
				CLANG_WARN_BLOCK_CAPTURE_AUTORELEASING = YES;
				CLANG_WARN_BOOL_CONVERSION = YES;
				CLANG_WARN_COMMA = YES;
				CLANG_WARN_CONSTANT_CONVERSION = YES;
				CLANG_WARN_DEPRECATED_OBJC_IMPLEMENTATIONS = YES;
				CLANG_WARN_DIRECT_OBJC_ISA_USAGE = YES_ERROR;
				CLANG_WARN_DOCUMENTATION_COMMENTS = YES;
				CLANG_WARN_EMPTY_BODY = YES;
				CLANG_WARN_ENUM_CONVERSION = YES;
				CLANG_WARN_INFINITE_RECURSION = YES;
				CLANG_WARN_INT_CONVERSION = YES;
				CLANG_WARN_NON_LITERAL_NULL_CONVERSION = YES;
				CLANG_WARN_OBJC_IMPLICIT_RETAIN_SELF = YES;
				CLANG_WARN_OBJC_LITERAL_CONVERSION = YES;
				CLANG_WARN_OBJC_ROOT_CLASS = YES_ERROR;
				CLANG_WARN_RANGE_LOOP_ANALYSIS = YES;
				CLANG_WARN_STRICT_PROTOTYPES = YES;
				CLANG_WARN_SUSPICIOUS_MOVE = YES;
				CLANG_WARN_UNGUARDED_AVAILABILITY = YES_AGGRESSIVE;
				CLANG_WARN_UNREACHABLE_CODE = YES;
				CLANG_WARN__DUPLICATE_METHOD_MATCH = YES;
				COPY_PHASE_STRIP = NO;
				DEBUG_INFORMATION_FORMAT = "dwarf-with-dsym";
				ENABLE_NS_ASSERTIONS = NO;
				ENABLE_STRICT_OBJC_MSGSEND = YES;
				GCC_C_LANGUAGE_STANDARD = gnu11;
				GCC_NO_COMMON_BLOCKS = YES;
				GCC_WARN_64_TO_32_BIT_CONVERSION = YES;
				GCC_WARN_ABOUT_RETURN_TYPE = YES_ERROR;
				GCC_WARN_UNDECLARED_SELECTOR = YES;
				GCC_WARN_UNINITIALIZED_AUTOS = YES_AGGRESSIVE;
				GCC_WARN_UNUSED_FUNCTION = YES;
				GCC_WARN_UNUSED_VARIABLE = YES;
				IPHONEOS_DEPLOYMENT_TARGET = 13.0;
				MTL_ENABLE_DEBUG_INFO = NO;
				MTL_FAST_MATH = YES;
				SDKROOT = iphoneos;
				SWIFT_COMPILATION_MODE = wholemodule;
				SWIFT_OPTIMIZATION_LEVEL = "-O";
				VALIDATE_PRODUCT = YES;
			};
			name = Release;
		};
		B8956A6E22ACB913002AD552 /* Debug */ = {
			isa = XCBuildConfiguration;
			baseConfigurationReference = 0FFB7B21D06FFD1808756FFA /* Pods-Code Bible.debug.xcconfig */;
			buildSettings = {
				ASSETCATALOG_COMPILER_APPICON_NAME = AppIcon;
				CODE_SIGN_ENTITLEMENTS = "Code Bible/Supporting Files/Code Bible.entitlements";
				CODE_SIGN_STYLE = Automatic;
				DEVELOPMENT_ASSET_PATHS = "Code\\ Bible/Preview\\ Content";
				DEVELOPMENT_TEAM = C8C5YY57VR;
				ENABLE_PREVIEWS = YES;
				INFOPLIST_FILE = "$(SRCROOT)/Code Bible/Supporting Files/Info.plist";
				LD_RUNPATH_SEARCH_PATHS = (
					"$(inherited)",
					"@executable_path/Frameworks",
				);
				PRODUCT_BUNDLE_IDENTIFIER = com.sentulasia.CodeBible;
				PRODUCT_NAME = "$(TARGET_NAME)";
				SWIFT_OBJC_BRIDGING_HEADER = "Code Bible/Supporting Files/Code Bible-Bridging-Header.h";
				SWIFT_VERSION = 5.0;
				TARGETED_DEVICE_FAMILY = "1,2";
			};
			name = Debug;
		};
		B8956A6F22ACB913002AD552 /* Release */ = {
			isa = XCBuildConfiguration;
			baseConfigurationReference = 0BE68FD9441227F2C391965F /* Pods-Code Bible.release.xcconfig */;
			buildSettings = {
				ASSETCATALOG_COMPILER_APPICON_NAME = AppIcon;
				CODE_SIGN_ENTITLEMENTS = "Code Bible/Supporting Files/Code Bible.entitlements";
				CODE_SIGN_STYLE = Automatic;
				DEVELOPMENT_ASSET_PATHS = "Code\\ Bible/Preview\\ Content";
				DEVELOPMENT_TEAM = C8C5YY57VR;
				ENABLE_PREVIEWS = YES;
				INFOPLIST_FILE = "$(SRCROOT)/Code Bible/Supporting Files/Info.plist";
				LD_RUNPATH_SEARCH_PATHS = (
					"$(inherited)",
					"@executable_path/Frameworks",
				);
				PRODUCT_BUNDLE_IDENTIFIER = com.sentulasia.CodeBible;
				PRODUCT_NAME = "$(TARGET_NAME)";
				SWIFT_OBJC_BRIDGING_HEADER = "Code Bible/Supporting Files/Code Bible-Bridging-Header.h";
				SWIFT_VERSION = 5.0;
				TARGETED_DEVICE_FAMILY = "1,2";
			};
			name = Release;
		};
		B8956A7122ACB913002AD552 /* Debug */ = {
			isa = XCBuildConfiguration;
			baseConfigurationReference = E65E7E8C2849C1221D1CFE6E /* Pods-Code BibleTests.debug.xcconfig */;
			buildSettings = {
				BUNDLE_LOADER = "$(TEST_HOST)";
				CODE_SIGN_STYLE = Automatic;
				DEVELOPMENT_TEAM = C8C5YY57VR;
				INFOPLIST_FILE = "Code BibleTests/Supporting Files/Info.plist";
				LD_RUNPATH_SEARCH_PATHS = (
					"$(inherited)",
					"@executable_path/Frameworks",
					"@loader_path/Frameworks",
				);
				PRODUCT_BUNDLE_IDENTIFIER = com.sentulasia.CodeBibleTests;
				PRODUCT_NAME = "$(TARGET_NAME)";
				SWIFT_OBJC_BRIDGING_HEADER = "Code BibleTests/Supporting Files/Code BibleTests-Bridging-Header.h";
				SWIFT_VERSION = 5.0;
				TARGETED_DEVICE_FAMILY = "1,2";
				TEST_HOST = "$(BUILT_PRODUCTS_DIR)/Code Bible.app/Code Bible";
			};
			name = Debug;
		};
		B8956A7222ACB913002AD552 /* Release */ = {
			isa = XCBuildConfiguration;
			baseConfigurationReference = 6E3C11E853D14921F8F8631F /* Pods-Code BibleTests.release.xcconfig */;
			buildSettings = {
				BUNDLE_LOADER = "$(TEST_HOST)";
				CODE_SIGN_STYLE = Automatic;
				DEVELOPMENT_TEAM = C8C5YY57VR;
				INFOPLIST_FILE = "Code BibleTests/Supporting Files/Info.plist";
				LD_RUNPATH_SEARCH_PATHS = (
					"$(inherited)",
					"@executable_path/Frameworks",
					"@loader_path/Frameworks",
				);
				PRODUCT_BUNDLE_IDENTIFIER = com.sentulasia.CodeBibleTests;
				PRODUCT_NAME = "$(TARGET_NAME)";
				SWIFT_OBJC_BRIDGING_HEADER = "Code BibleTests/Supporting Files/Code BibleTests-Bridging-Header.h";
				SWIFT_VERSION = 5.0;
				TARGETED_DEVICE_FAMILY = "1,2";
				TEST_HOST = "$(BUILT_PRODUCTS_DIR)/Code Bible.app/Code Bible";
			};
			name = Release;
		};
		B8956A7422ACB913002AD552 /* Debug */ = {
			isa = XCBuildConfiguration;
			baseConfigurationReference = 5085B83A51393017F7A7A0B1 /* Pods-Code BibleUITests.debug.xcconfig */;
			buildSettings = {
				ALWAYS_EMBED_SWIFT_STANDARD_LIBRARIES = "$(inherited)";
				CODE_SIGN_STYLE = Automatic;
				DEVELOPMENT_TEAM = C8C5YY57VR;
				INFOPLIST_FILE = "Code BibleUITests/Supporting Files/Info.plist";
				LD_RUNPATH_SEARCH_PATHS = (
					"$(inherited)",
					"@executable_path/Frameworks",
					"@loader_path/Frameworks",
				);
				PRODUCT_BUNDLE_IDENTIFIER = com.sentulasia.CodeBibleUITests;
				PRODUCT_NAME = "$(TARGET_NAME)";
				PROVISIONING_PROFILE = "";
				SWIFT_OBJC_BRIDGING_HEADER = "Code BibleUITests/Supporting Files/Code BibleUITests-Bridging-Header.h";
				SWIFT_VERSION = 5.0;
				TARGETED_DEVICE_FAMILY = "1,2";
				TEST_TARGET_NAME = "Code Bible";
			};
			name = Debug;
		};
		B8956A7522ACB913002AD552 /* Release */ = {
			isa = XCBuildConfiguration;
			baseConfigurationReference = 446E3FDB9BE93962C21785FB /* Pods-Code BibleUITests.release.xcconfig */;
			buildSettings = {
				ALWAYS_EMBED_SWIFT_STANDARD_LIBRARIES = "$(inherited)";
				CODE_SIGN_STYLE = Automatic;
				DEVELOPMENT_TEAM = C8C5YY57VR;
				INFOPLIST_FILE = "Code BibleUITests/Supporting Files/Info.plist";
				LD_RUNPATH_SEARCH_PATHS = (
					"$(inherited)",
					"@executable_path/Frameworks",
					"@loader_path/Frameworks",
				);
				PRODUCT_BUNDLE_IDENTIFIER = com.sentulasia.CodeBibleUITests;
				PRODUCT_NAME = "$(TARGET_NAME)";
				PROVISIONING_PROFILE = "";
				SWIFT_OBJC_BRIDGING_HEADER = "Code BibleUITests/Supporting Files/Code BibleUITests-Bridging-Header.h";
				SWIFT_VERSION = 5.0;
				TARGETED_DEVICE_FAMILY = "1,2";
				TEST_TARGET_NAME = "Code Bible";
			};
			name = Release;
		};
		B8956ACA22ACC386002AD552 /* Debug */ = {
			isa = XCBuildConfiguration;
			baseConfigurationReference = FF51F48CBC69C5A9381C0488 /* Pods-Code Bible Dev.debug.xcconfig */;
			buildSettings = {
				ASSETCATALOG_COMPILER_APPICON_NAME = AppIcon;
				CODE_SIGN_ENTITLEMENTS = "Code Bible/Supporting Files/Code Bible Dev.entitlements";
				CODE_SIGN_STYLE = Automatic;
				DEVELOPMENT_ASSET_PATHS = "Code\\ Bible/Preview\\ Content";
				DEVELOPMENT_TEAM = C8C5YY57VR;
				ENABLE_PREVIEWS = YES;
				INFOPLIST_FILE = "$(SRCROOT)/Code Bible/Supporting Files/Code Bible Dev-Info.plist";
				LD_RUNPATH_SEARCH_PATHS = (
					"$(inherited)",
					"@executable_path/Frameworks",
				);
				OTHER_SWIFT_FLAGS = "$(inherited) \"-D\" \"COCOAPODS\" -DDEVELOPMENT";
				PRODUCT_BUNDLE_IDENTIFIER = "com.sentulasia.CodeBible-Dev";
				PRODUCT_NAME = "$(TARGET_NAME)";
				SWIFT_OBJC_BRIDGING_HEADER = "Code Bible/Supporting Files/Code Bible-Bridging-Header.h";
				SWIFT_VERSION = 5.0;
				TARGETED_DEVICE_FAMILY = "1,2";
			};
			name = Debug;
		};
		B8956ACB22ACC386002AD552 /* Release */ = {
			isa = XCBuildConfiguration;
			baseConfigurationReference = FFC0222638E115C9A84011F6 /* Pods-Code Bible Dev.release.xcconfig */;
			buildSettings = {
				ASSETCATALOG_COMPILER_APPICON_NAME = AppIcon;
				CODE_SIGN_ENTITLEMENTS = "Code Bible/Supporting Files/Code Bible Dev.entitlements";
				CODE_SIGN_STYLE = Automatic;
				DEVELOPMENT_ASSET_PATHS = "Code\\ Bible/Preview\\ Content";
				DEVELOPMENT_TEAM = C8C5YY57VR;
				ENABLE_PREVIEWS = YES;
				INFOPLIST_FILE = "$(SRCROOT)/Code Bible/Supporting Files/Code Bible Dev-Info.plist";
				LD_RUNPATH_SEARCH_PATHS = (
					"$(inherited)",
					"@executable_path/Frameworks",
				);
				OTHER_SWIFT_FLAGS = "$(inherited) \"-D\" \"COCOAPODS\" -DDEVELOPMENT";
				PRODUCT_BUNDLE_IDENTIFIER = "com.sentulasia.CodeBible-Dev";
				PRODUCT_NAME = "$(TARGET_NAME)";
				SWIFT_OBJC_BRIDGING_HEADER = "Code Bible/Supporting Files/Code Bible-Bridging-Header.h";
				SWIFT_VERSION = 5.0;
				TARGETED_DEVICE_FAMILY = "1,2";
			};
			name = Release;
		};
/* End XCBuildConfiguration section */

/* Begin XCConfigurationList section */
		B8956A3B22ACB912002AD552 /* Build configuration list for PBXProject "Code Bible" */ = {
			isa = XCConfigurationList;
			buildConfigurations = (
				B8956A6B22ACB913002AD552 /* Debug */,
				B8956A6C22ACB913002AD552 /* Release */,
			);
			defaultConfigurationIsVisible = 0;
			defaultConfigurationName = Release;
		};
		B8956A6D22ACB913002AD552 /* Build configuration list for PBXNativeTarget "Code Bible" */ = {
			isa = XCConfigurationList;
			buildConfigurations = (
				B8956A6E22ACB913002AD552 /* Debug */,
				B8956A6F22ACB913002AD552 /* Release */,
			);
			defaultConfigurationIsVisible = 0;
			defaultConfigurationName = Release;
		};
		B8956A7022ACB913002AD552 /* Build configuration list for PBXNativeTarget "Code BibleTests" */ = {
			isa = XCConfigurationList;
			buildConfigurations = (
				B8956A7122ACB913002AD552 /* Debug */,
				B8956A7222ACB913002AD552 /* Release */,
			);
			defaultConfigurationIsVisible = 0;
			defaultConfigurationName = Release;
		};
		B8956A7322ACB913002AD552 /* Build configuration list for PBXNativeTarget "Code BibleUITests" */ = {
			isa = XCConfigurationList;
			buildConfigurations = (
				B8956A7422ACB913002AD552 /* Debug */,
				B8956A7522ACB913002AD552 /* Release */,
			);
			defaultConfigurationIsVisible = 0;
			defaultConfigurationName = Release;
		};
		B8956AC922ACC386002AD552 /* Build configuration list for PBXNativeTarget "Code Bible Dev" */ = {
			isa = XCConfigurationList;
			buildConfigurations = (
				B8956ACA22ACC386002AD552 /* Debug */,
				B8956ACB22ACC386002AD552 /* Release */,
			);
			defaultConfigurationIsVisible = 0;
			defaultConfigurationName = Release;
		};
/* End XCConfigurationList section */

/* Begin XCVersionGroup section */
		B8956A4722ACB912002AD552 /* Code_Bible.xcdatamodeld */ = {
			isa = XCVersionGroup;
			children = (
				B8956A4822ACB912002AD552 /* CodeBible.xcdatamodel */,
			);
			currentVersion = B8956A4822ACB912002AD552 /* CodeBible.xcdatamodel */;
			path = Code_Bible.xcdatamodeld;
			sourceTree = "<group>";
			versionGroupType = wrapper.xcdatamodel;
		};
/* End XCVersionGroup section */
	};
	rootObject = B8956A3822ACB912002AD552 /* Project object */;
}
